
Microsoft Visual Studio Solution File, Format Version 12.00
# Visual Studio 15
VisualStudioVersion = 15.0.26730.16
MinimumVisualStudioVersion = 10.0.40219.1
Project("{2150E333-8FDC-42A3-9474-1A3956D46DE8}") = "Common", "Common", "{54862A3A-799B-4C99-AD4E-E29B7714FE2F}"
EndProject
Project("{FAE04EC0-301F-11D3-BF4B-00C04F79EFBC}") = "SFA.DAS.Payments.DCFS", "..\..\Common\SFA.DAS.Payments.DCFS\SFA.DAS.Payments.DCFS\SFA.DAS.Payments.DCFS.csproj", "{6C00CE90-9AC7-48DF-B15D-20F312B8F9E4}"
EndProject
Project("{FAE04EC0-301F-11D3-BF4B-00C04F79EFBC}") = "SFA.DAS.Payments.DCFS.StructureMap", "..\..\Common\SFA.DAS.Payments.DCFS\SFA.DAS.Payments.DCFS.StructureMap\SFA.DAS.Payments.DCFS.StructureMap.csproj", "{51C3F2CE-8E30-4DAA-9EDB-5BF7B779C749}"
EndProject
Project("{FAE04EC0-301F-11D3-BF4B-00C04F79EFBC}") = "SFA.DAS.Provider.Events.DataLock", "SFA.DAS.Provider.Events.DataLock\SFA.DAS.Provider.Events.DataLock.csproj", "{FA1F038D-F0A5-4A3E-A642-62D294E5521D}"
EndProject
Project("{FAE04EC0-301F-11D3-BF4B-00C04F79EFBC}") = "SFA.DAS.Provider.Events.DataLock.IntegrationTests", "SFA.DAS.Provider.Events.DataLock.IntegrationTests\SFA.DAS.Provider.Events.DataLock.IntegrationTests.csproj", "{2A595E5F-955C-4B4A-B99F-36F6F4E7D076}"
EndProject
Project("{FAE04EC0-301F-11D3-BF4B-00C04F79EFBC}") = "SFA.DAS.Provider.Events.DataLock.UnitTests", "SFA.DAS.Provider.Events.DataLock.UnitTests\SFA.DAS.Provider.Events.DataLock.UnitTests.csproj", "{5011105D-1ED2-4682-A53E-61CF8A2FF902}"
EndProject
Global
	GlobalSection(SolutionConfigurationPlatforms) = preSolution
		Debug|Any CPU = Debug|Any CPU
		Release|Any CPU = Release|Any CPU
	EndGlobalSection
	GlobalSection(ProjectConfigurationPlatforms) = postSolution
		{6C00CE90-9AC7-48DF-B15D-20F312B8F9E4}.Debug|Any CPU.ActiveCfg = Debug|Any CPU
		{6C00CE90-9AC7-48DF-B15D-20F312B8F9E4}.Debug|Any CPU.Build.0 = Debug|Any CPU
		{6C00CE90-9AC7-48DF-B15D-20F312B8F9E4}.Release|Any CPU.ActiveCfg = Release|Any CPU
		{6C00CE90-9AC7-48DF-B15D-20F312B8F9E4}.Release|Any CPU.Build.0 = Release|Any CPU
		{51C3F2CE-8E30-4DAA-9EDB-5BF7B779C749}.Debug|Any CPU.ActiveCfg = Debug|Any CPU
		{51C3F2CE-8E30-4DAA-9EDB-5BF7B779C749}.Debug|Any CPU.Build.0 = Debug|Any CPU
		{51C3F2CE-8E30-4DAA-9EDB-5BF7B779C749}.Release|Any CPU.ActiveCfg = Release|Any CPU
		{51C3F2CE-8E30-4DAA-9EDB-5BF7B779C749}.Release|Any CPU.Build.0 = Release|Any CPU
		{FA1F038D-F0A5-4A3E-A642-62D294E5521D}.Debug|Any CPU.ActiveCfg = Debug|Any CPU
		{FA1F038D-F0A5-4A3E-A642-62D294E5521D}.Debug|Any CPU.Build.0 = Debug|Any CPU
		{FA1F038D-F0A5-4A3E-A642-62D294E5521D}.Release|Any CPU.ActiveCfg = Release|Any CPU
		{FA1F038D-F0A5-4A3E-A642-62D294E5521D}.Release|Any CPU.Build.0 = Release|Any CPU
		{2A595E5F-955C-4B4A-B99F-36F6F4E7D076}.Debug|Any CPU.ActiveCfg = Debug|Any CPU
		{2A595E5F-955C-4B4A-B99F-36F6F4E7D076}.Debug|Any CPU.Build.0 = Debug|Any CPU
		{2A595E5F-955C-4B4A-B99F-36F6F4E7D076}.Release|Any CPU.ActiveCfg = Release|Any CPU
		{2A595E5F-955C-4B4A-B99F-36F6F4E7D076}.Release|Any CPU.Build.0 = Release|Any CPU
		{5011105D-1ED2-4682-A53E-61CF8A2FF902}.Debug|Any CPU.ActiveCfg = Debug|Any CPU
		{5011105D-1ED2-4682-A53E-61CF8A2FF902}.Debug|Any CPU.Build.0 = Debug|Any CPU
		{5011105D-1ED2-4682-A53E-61CF8A2FF902}.Release|Any CPU.ActiveCfg = Release|Any CPU
		{5011105D-1ED2-4682-A53E-61CF8A2FF902}.Release|Any CPU.Build.0 = Release|Any CPU
	EndGlobalSection
	GlobalSection(SolutionProperties) = preSolution
		HideSolutionNode = FALSE
	EndGlobalSection
	GlobalSection(NestedProjects) = preSolution
		{6C00CE90-9AC7-48DF-B15D-20F312B8F9E4} = {54862A3A-799B-4C99-AD4E-E29B7714FE2F}
		{51C3F2CE-8E30-4DAA-9EDB-5BF7B779C749} = {54862A3A-799B-4C99-AD4E-E29B7714FE2F}
	EndGlobalSection
	GlobalSection(ExtensibilityGlobals) = postSolution
		SolutionGuid = {C078CC9C-EC28-42E4-8A1D-7F4FFE9EEE9B}
	EndGlobalSection
EndGlobal
