
Microsoft Visual Studio Solution File, Format Version 12.00
# Visual Studio 15
VisualStudioVersion = 15.0.26730.16
MinimumVisualStudioVersion = 10.0.40219.1
Project("{FAE04EC0-301F-11D3-BF4B-00C04F79EFBC}") = "SFA.DAS.Provider.Events.Submission", "SFA.DAS.Provider.Events.Submission\SFA.DAS.Provider.Events.Submission.csproj", "{A0ED5AC8-2E8D-4F37-951C-66F9B128E79A}"
EndProject
Project("{FAE04EC0-301F-11D3-BF4B-00C04F79EFBC}") = "SFA.DAS.Provider.Events.Submission.IntegrationTests", "SFA.DAS.Provider.Events.Submission.IntegrationTests\SFA.DAS.Provider.Events.Submission.IntegrationTests.csproj", "{2EFC4146-CCA9-4B3F-8921-76EC2B5B4C68}"
EndProject
Project("{FAE04EC0-301F-11D3-BF4B-00C04F79EFBC}") = "SFA.DAS.Provider.Events.Submission.UnitTests", "SFA.DAS.Provider.Events.Submission.UnitTests\SFA.DAS.Provider.Events.Submission.UnitTests.csproj", "{DD3BB96D-6257-4EF6-A804-282DEA31A1DC}"
EndProject
Project("{2150E333-8FDC-42A3-9474-1A3956D46DE8}") = "Common", "Common", "{8BB5C397-3DB3-49C9-BB89-6C20F5443EF2}"
EndProject
Project("{FAE04EC0-301F-11D3-BF4B-00C04F79EFBC}") = "SFA.DAS.Payments.DCFS", "..\..\Common\SFA.DAS.Payments.DCFS\SFA.DAS.Payments.DCFS\SFA.DAS.Payments.DCFS.csproj", "{6C00CE90-9AC7-48DF-B15D-20F312B8F9E4}"
EndProject
Project("{FAE04EC0-301F-11D3-BF4B-00C04F79EFBC}") = "SFA.DAS.Payments.DCFS.StructureMap", "..\..\Common\SFA.DAS.Payments.DCFS\SFA.DAS.Payments.DCFS.StructureMap\SFA.DAS.Payments.DCFS.StructureMap.csproj", "{51C3F2CE-8E30-4DAA-9EDB-5BF7B779C749}"
EndProject
Global
	GlobalSection(SolutionConfigurationPlatforms) = preSolution
		Debug|Any CPU = Debug|Any CPU
		Release|Any CPU = Release|Any CPU
	EndGlobalSection
	GlobalSection(ProjectConfigurationPlatforms) = postSolution
		{A0ED5AC8-2E8D-4F37-951C-66F9B128E79A}.Debug|Any CPU.ActiveCfg = Debug|Any CPU
		{A0ED5AC8-2E8D-4F37-951C-66F9B128E79A}.Debug|Any CPU.Build.0 = Debug|Any CPU
		{A0ED5AC8-2E8D-4F37-951C-66F9B128E79A}.Release|Any CPU.ActiveCfg = Release|Any CPU
		{A0ED5AC8-2E8D-4F37-951C-66F9B128E79A}.Release|Any CPU.Build.0 = Release|Any CPU
		{2EFC4146-CCA9-4B3F-8921-76EC2B5B4C68}.Debug|Any CPU.ActiveCfg = Debug|Any CPU
		{2EFC4146-CCA9-4B3F-8921-76EC2B5B4C68}.Debug|Any CPU.Build.0 = Debug|Any CPU
		{2EFC4146-CCA9-4B3F-8921-76EC2B5B4C68}.Release|Any CPU.ActiveCfg = Release|Any CPU
		{2EFC4146-CCA9-4B3F-8921-76EC2B5B4C68}.Release|Any CPU.Build.0 = Release|Any CPU
		{DD3BB96D-6257-4EF6-A804-282DEA31A1DC}.Debug|Any CPU.ActiveCfg = Debug|Any CPU
		{DD3BB96D-6257-4EF6-A804-282DEA31A1DC}.Debug|Any CPU.Build.0 = Debug|Any CPU
		{DD3BB96D-6257-4EF6-A804-282DEA31A1DC}.Release|Any CPU.ActiveCfg = Release|Any CPU
		{DD3BB96D-6257-4EF6-A804-282DEA31A1DC}.Release|Any CPU.Build.0 = Release|Any CPU
		{6C00CE90-9AC7-48DF-B15D-20F312B8F9E4}.Debug|Any CPU.ActiveCfg = Debug|Any CPU
		{6C00CE90-9AC7-48DF-B15D-20F312B8F9E4}.Debug|Any CPU.Build.0 = Debug|Any CPU
		{6C00CE90-9AC7-48DF-B15D-20F312B8F9E4}.Release|Any CPU.ActiveCfg = Release|Any CPU
		{6C00CE90-9AC7-48DF-B15D-20F312B8F9E4}.Release|Any CPU.Build.0 = Release|Any CPU
		{51C3F2CE-8E30-4DAA-9EDB-5BF7B779C749}.Debug|Any CPU.ActiveCfg = Debug|Any CPU
		{51C3F2CE-8E30-4DAA-9EDB-5BF7B779C749}.Debug|Any CPU.Build.0 = Debug|Any CPU
		{51C3F2CE-8E30-4DAA-9EDB-5BF7B779C749}.Release|Any CPU.ActiveCfg = Release|Any CPU
		{51C3F2CE-8E30-4DAA-9EDB-5BF7B779C749}.Release|Any CPU.Build.0 = Release|Any CPU
	EndGlobalSection
	GlobalSection(SolutionProperties) = preSolution
		HideSolutionNode = FALSE
	EndGlobalSection
	GlobalSection(NestedProjects) = preSolution
		{6C00CE90-9AC7-48DF-B15D-20F312B8F9E4} = {8BB5C397-3DB3-49C9-BB89-6C20F5443EF2}
		{51C3F2CE-8E30-4DAA-9EDB-5BF7B779C749} = {8BB5C397-3DB3-49C9-BB89-6C20F5443EF2}
	EndGlobalSection
	GlobalSection(ExtensibilityGlobals) = postSolution
		SolutionGuid = {6C6B66BD-0ED5-46F8-87F7-5D0A5FDA5D21}
	EndGlobalSection
EndGlobal
