
Microsoft Visual Studio Solution File, Format Version 12.00
# Visual Studio 15
VisualStudioVersion = 15.0.26730.16
MinimumVisualStudioVersion = 10.0.40219.1
Project("{FAE04EC0-301F-11D3-BF4B-00C04F79EFBC}") = "SFA.DAS.Payments.AcceptanceTests", "SFA.DAS.Payments.AcceptanceTests\SFA.DAS.Payments.AcceptanceTests.csproj", "{1CF0088D-EB97-4D4F-9F8F-7B09F02AA9AF}"
EndProject
Project("{2150E333-8FDC-42A3-9474-1A3956D46DE8}") = "Build", "Build", "{7581C258-4B95-4FF8-998B-788394B77241}"
	ProjectSection(SolutionItems) = preProject
		Build.fsx = Build.fsx
		CustomTargets.fsx = CustomTargets.fsx
		DefaultTargets.fsx = DefaultTargets.fsx
		RunBuild.bat = RunBuild.bat
	EndProjectSection
EndProject
Project("{2150E333-8FDC-42A3-9474-1A3956D46DE8}") = "TestStack", "TestStack", "{23E2FE3E-8E8A-4F9D-A8E3-8E520D9FFFBC}"
EndProject
Project("{FAE04EC0-301F-11D3-BF4B-00C04F79EFBC}") = "IlrGenerator", "..\Common\IlrGenerator\IlrGenerator.csproj", "{5076BA97-2E9E-4845-9359-0E16DFF7B3A6}"
EndProject
Project("{FAE04EC0-301F-11D3-BF4B-00C04F79EFBC}") = "ProviderPayments.TestStack.Core", "..\Common\ProviderPayments.TestStack.Core\ProviderPayments.TestStack.Core.csproj", "{ED159396-0D7D-4B64-8369-6C1BAD8AAE15}"
EndProject
Project("{FAE04EC0-301F-11D3-BF4B-00C04F79EFBC}") = "ProviderPayments.TestStack.Core.ExecutionProxy", "..\Common\ProviderPayments.TestStack.Core.ExecutionProxy\ProviderPayments.TestStack.Core.ExecutionProxy.csproj", "{C7AD11E0-04AF-4D3A-9166-296FF68CC416}"
EndProject
Project("{2150E333-8FDC-42A3-9474-1A3956D46DE8}") = "Components", "Components", "{34735CB4-E73F-4557-88A2-BAC1216545D3}"
EndProject
Project("{FAE04EC0-301F-11D3-BF4B-00C04F79EFBC}") = "SFA.DAS.Payments.Calc.ProviderAdjustments", "..\..\PeriodEnd\ProviderAdjustments\SFA.DAS.Payments.Calc.ProviderAdjustments\SFA.DAS.Payments.Calc.ProviderAdjustments.csproj", "{13240C68-1925-4DC2-B975-00691DC524F8}"
EndProject
Global
	GlobalSection(SolutionConfigurationPlatforms) = preSolution
		Debug|Any CPU = Debug|Any CPU
		Release|Any CPU = Release|Any CPU
	EndGlobalSection
	GlobalSection(ProjectConfigurationPlatforms) = postSolution
		{1CF0088D-EB97-4D4F-9F8F-7B09F02AA9AF}.Debug|Any CPU.ActiveCfg = Debug|Any CPU
		{1CF0088D-EB97-4D4F-9F8F-7B09F02AA9AF}.Debug|Any CPU.Build.0 = Debug|Any CPU
		{1CF0088D-EB97-4D4F-9F8F-7B09F02AA9AF}.Release|Any CPU.ActiveCfg = Release|Any CPU
		{1CF0088D-EB97-4D4F-9F8F-7B09F02AA9AF}.Release|Any CPU.Build.0 = Release|Any CPU
		{5076BA97-2E9E-4845-9359-0E16DFF7B3A6}.Debug|Any CPU.ActiveCfg = Debug|Any CPU
		{5076BA97-2E9E-4845-9359-0E16DFF7B3A6}.Debug|Any CPU.Build.0 = Debug|Any CPU
		{5076BA97-2E9E-4845-9359-0E16DFF7B3A6}.Release|Any CPU.ActiveCfg = Release|Any CPU
		{5076BA97-2E9E-4845-9359-0E16DFF7B3A6}.Release|Any CPU.Build.0 = Release|Any CPU
		{ED159396-0D7D-4B64-8369-6C1BAD8AAE15}.Debug|Any CPU.ActiveCfg = Debug|Any CPU
		{ED159396-0D7D-4B64-8369-6C1BAD8AAE15}.Debug|Any CPU.Build.0 = Debug|Any CPU
		{ED159396-0D7D-4B64-8369-6C1BAD8AAE15}.Release|Any CPU.ActiveCfg = Release|Any CPU
		{ED159396-0D7D-4B64-8369-6C1BAD8AAE15}.Release|Any CPU.Build.0 = Release|Any CPU
		{C7AD11E0-04AF-4D3A-9166-296FF68CC416}.Debug|Any CPU.ActiveCfg = Debug|Any CPU
		{C7AD11E0-04AF-4D3A-9166-296FF68CC416}.Debug|Any CPU.Build.0 = Debug|Any CPU
		{C7AD11E0-04AF-4D3A-9166-296FF68CC416}.Release|Any CPU.ActiveCfg = Release|Any CPU
		{C7AD11E0-04AF-4D3A-9166-296FF68CC416}.Release|Any CPU.Build.0 = Release|Any CPU
		{13240C68-1925-4DC2-B975-00691DC524F8}.Debug|Any CPU.ActiveCfg = Debug|Any CPU
		{13240C68-1925-4DC2-B975-00691DC524F8}.Debug|Any CPU.Build.0 = Debug|Any CPU
		{13240C68-1925-4DC2-B975-00691DC524F8}.Release|Any CPU.ActiveCfg = Release|Any CPU
		{13240C68-1925-4DC2-B975-00691DC524F8}.Release|Any CPU.Build.0 = Release|Any CPU
	EndGlobalSection
	GlobalSection(SolutionProperties) = preSolution
		HideSolutionNode = FALSE
	EndGlobalSection
	GlobalSection(NestedProjects) = preSolution
		{5076BA97-2E9E-4845-9359-0E16DFF7B3A6} = {23E2FE3E-8E8A-4F9D-A8E3-8E520D9FFFBC}
		{ED159396-0D7D-4B64-8369-6C1BAD8AAE15} = {23E2FE3E-8E8A-4F9D-A8E3-8E520D9FFFBC}
		{C7AD11E0-04AF-4D3A-9166-296FF68CC416} = {23E2FE3E-8E8A-4F9D-A8E3-8E520D9FFFBC}
		{13240C68-1925-4DC2-B975-00691DC524F8} = {34735CB4-E73F-4557-88A2-BAC1216545D3}
	EndGlobalSection
	GlobalSection(ExtensibilityGlobals) = postSolution
		SolutionGuid = {EFF93F9B-DCC3-4169-8702-61671DB3524D}
	EndGlobalSection
EndGlobal
