
Microsoft Visual Studio Solution File, Format Version 12.00
# Visual Studio 15
VisualStudioVersion = 15.0.27130.2003
MinimumVisualStudioVersion = 10.0.40219.1
Project("{2150E333-8FDC-42A3-9474-1A3956D46DE8}") = "CoInvested Payments", "CoInvested Payments", "{5A408B2C-02FA-4245-9D4E-DBF01978CB0C}"
EndProject
Project("{2150E333-8FDC-42A3-9474-1A3956D46DE8}") = "Earnings Calculator", "Earnings Calculator", "{0DE86180-81EF-4DEA-9E89-E3E674BF48BF}"
EndProject
Project("{2150E333-8FDC-42A3-9474-1A3956D46DE8}") = "Levy Payments", "Levy Payments", "{6CF4F801-33C8-4476-88F9-C4F70E40E904}"
EndProject
Project("{2150E333-8FDC-42A3-9474-1A3956D46DE8}") = "Manual Adjustments", "Manual Adjustments", "{823207C9-0E35-476B-B98D-A5EB1B727D61}"
EndProject
Project("{2150E333-8FDC-42A3-9474-1A3956D46DE8}") = "Payments Due", "Payments Due", "{500BDFBA-7A32-4A91-89CA-D71298C44757}"
EndProject
Project("{2150E333-8FDC-42A3-9474-1A3956D46DE8}") = "Provider Adjustments", "Provider Adjustments", "{62399DFF-721A-420D-82EC-AFB2F6971914}"
EndProject
Project("{2150E333-8FDC-42A3-9474-1A3956D46DE8}") = "Common", "Common", "{AF7848AE-3C39-4D22-9D28-7ED89E4A347D}"
EndProject
Project("{FAE04EC0-301F-11D3-BF4B-00C04F79EFBC}") = "SFA.DAS.ProviderPayments.Calc.Common", "SharedPipelineComponents\SFA.DAS.ProviderPayments.Calc.Common\SFA.DAS.ProviderPayments.Calc.Common.csproj", "{E8AED497-09E3-417F-89F8-5A45BBADD08F}"
EndProject
Project("{FAE04EC0-301F-11D3-BF4B-00C04F79EFBC}") = "SFA.DAS.Payments.DCFS", "Common\SFA.DAS.Payments.DCFS\SFA.DAS.Payments.DCFS\SFA.DAS.Payments.DCFS.csproj", "{6C00CE90-9AC7-48DF-B15D-20F312B8F9E4}"
EndProject
Project("{FAE04EC0-301F-11D3-BF4B-00C04F79EFBC}") = "SFA.DAS.Payments.DCFS.StructureMap", "Common\SFA.DAS.Payments.DCFS\SFA.DAS.Payments.DCFS.StructureMap\SFA.DAS.Payments.DCFS.StructureMap.csproj", "{51C3F2CE-8E30-4DAA-9EDB-5BF7B779C749}"
EndProject
Project("{FAE04EC0-301F-11D3-BF4B-00C04F79EFBC}") = "SFA.DAS.Payments.DCFS.StructureMap.UnitTests", "Common\SFA.DAS.Payments.DCFS\SFA.DAS.Payments.DCFS.StructureMap.UnitTests\SFA.DAS.Payments.DCFS.StructureMap.UnitTests.csproj", "{55F542EF-79F6-40C1-A4E1-6D1511D4F633}"
EndProject
Project("{FAE04EC0-301F-11D3-BF4B-00C04F79EFBC}") = "SFA.DAS.Payments.DCFS.UnitTests", "Common\SFA.DAS.Payments.DCFS\SFA.DAS.Payments.DCFS.UnitTests\SFA.DAS.Payments.DCFS.UnitTests.csproj", "{7ABB3F07-330C-4A91-8BFC-14A88D904C02}"
EndProject
Project("{FAE04EC0-301F-11D3-BF4B-00C04F79EFBC}") = "SFA.DAS.Payments.Calc.CoInvestedPayments", "PeriodEnd\CoInvestedPayments\SFA.DAS.Payments.Calc.CoInvestedPayments\SFA.DAS.Payments.Calc.CoInvestedPayments.csproj", "{C2E9CFF9-5616-48B7-9DB4-B25F787DD93D}"
EndProject
Project("{FAE04EC0-301F-11D3-BF4B-00C04F79EFBC}") = "SFA.DAS.Payments.Calc.CoInvestedPayments.IntegrationTests", "PeriodEnd\CoInvestedPayments\SFA.DAS.Payments.Calc.CoInvestedPayments.IntegrationTests\SFA.DAS.Payments.Calc.CoInvestedPayments.IntegrationTests.csproj", "{D2948742-339F-4D56-8C40-437A0AE79027}"
EndProject
Project("{FAE04EC0-301F-11D3-BF4B-00C04F79EFBC}") = "SFA.DAS.Payments.Calc.CoInvestedPayments.UnitTests", "PeriodEnd\CoInvestedPayments\SFA.DAS.Payments.Calc.CoInvestedPayments.UnitTests\SFA.DAS.Payments.Calc.CoInvestedPayments.UnitTests.csproj", "{0DCE1F04-E87E-4CA7-9AE5-0A1500814B7F}"
EndProject
Project("{2150E333-8FDC-42A3-9474-1A3956D46DE8}") = "Data Lock", "Data Lock", "{D14635FD-16FF-4100-A2EB-A1C34F8A212A}"
EndProject
Project("{2150E333-8FDC-42A3-9474-1A3956D46DE8}") = "Data Lock Events", "Data Lock Events", "{13295A1A-EA50-4E46-9C7E-41B74030BEA8}"
EndProject
Project("{2150E333-8FDC-42A3-9474-1A3956D46DE8}") = "Ilr Submission Events", "Ilr Submission Events", "{08DB0179-907B-4334-BC64-3150B345F3D5}"
EndProject
Project("{FAE04EC0-301F-11D3-BF4B-00C04F79EFBC}") = "SFA.DAS.CollectionEarnings.DataLock", "SharedPipelineComponents\Datalock\SFA.DAS.CollectionEarnings.DataLock\SFA.DAS.CollectionEarnings.DataLock.csproj", "{E0B60D5B-969C-4C05-A636-27788CD19BE0}"
EndProject
Project("{FAE04EC0-301F-11D3-BF4B-00C04F79EFBC}") = "SFA.DAS.CollectionEarnings.DataLock.UnitTests", "SharedPipelineComponents\Datalock\SFA.DAS.CollectionEarnings.DataLock.UnitTests\SFA.DAS.CollectionEarnings.DataLock.UnitTests.csproj", "{79593EF5-9F58-4E91-BE67-C5D20EE0DBC0}"
EndProject
Project("{FAE04EC0-301F-11D3-BF4B-00C04F79EFBC}") = "SFA.DAS.Provider.Events.DataLock", "SharedPipelineComponents\DataLockEvents\SFA.DAS.Provider.Events.DataLock\SFA.DAS.Provider.Events.DataLock.csproj", "{FA1F038D-F0A5-4A3E-A642-62D294E5521D}"
EndProject
Project("{FAE04EC0-301F-11D3-BF4B-00C04F79EFBC}") = "SFA.DAS.Provider.Events.DataLock.IntegrationTests", "SharedPipelineComponents\DataLockEvents\SFA.DAS.Provider.Events.DataLock.IntegrationTests\SFA.DAS.Provider.Events.DataLock.IntegrationTests.csproj", "{2A595E5F-955C-4B4A-B99F-36F6F4E7D076}"
EndProject
Project("{FAE04EC0-301F-11D3-BF4B-00C04F79EFBC}") = "SFA.DAS.Provider.Events.DataLock.UnitTests", "SharedPipelineComponents\DataLockEvents\SFA.DAS.Provider.Events.DataLock.UnitTests\SFA.DAS.Provider.Events.DataLock.UnitTests.csproj", "{5011105D-1ED2-4682-A53E-61CF8A2FF902}"
EndProject
Project("{FAE04EC0-301F-11D3-BF4B-00C04F79EFBC}") = "SFA.DAS.ProviderPayments.Calc.LevyPayments", "PeriodEnd\LevyPayments\SFA.DAS.ProviderPayments.Calc.LevyPayments\SFA.DAS.ProviderPayments.Calc.LevyPayments.csproj", "{CA3748B0-C749-444A-BC59-1F03A10436C7}"
EndProject
Project("{FAE04EC0-301F-11D3-BF4B-00C04F79EFBC}") = "SFA.DAS.ProviderPayments.Calc.LevyPayments.IntegrationTests", "PeriodEnd\LevyPayments\SFA.DAS.ProviderPayments.Calc.LevyPayments.IntegrationTests\SFA.DAS.ProviderPayments.Calc.LevyPayments.IntegrationTests.csproj", "{B4348331-0B49-49A3-B6CC-DE7A9A19A8E3}"
EndProject
Project("{FAE04EC0-301F-11D3-BF4B-00C04F79EFBC}") = "SFA.DAS.ProviderPayments.Calc.LevyPayments.UnitTests", "PeriodEnd\LevyPayments\SFA.DAS.ProviderPayments.Calc.LevyPayments.UnitTests\SFA.DAS.ProviderPayments.Calc.LevyPayments.UnitTests.csproj", "{08D3D28B-B618-4346-8515-E93B23BC04D6}"
EndProject
Project("{FAE04EC0-301F-11D3-BF4B-00C04F79EFBC}") = "SFA.DAS.ProviderPayments.Calc.ManualAdjustments", "PeriodEnd\ManualAdjustments\SFA.DAS.ProviderPayments.Calc.ManualAdjustments\SFA.DAS.ProviderPayments.Calc.ManualAdjustments.csproj", "{9CFB966B-5096-4BB0-A29A-2559241A66BC}"
EndProject
Project("{FAE04EC0-301F-11D3-BF4B-00C04F79EFBC}") = "SFA.DAS.ProviderPayments.Calc.ManualAdjustments.IntegrationTests", "PeriodEnd\ManualAdjustments\SFA.DAS.ProviderPayments.Calc.ManualAdjustments.IntegrationTests\SFA.DAS.ProviderPayments.Calc.ManualAdjustments.IntegrationTests.csproj", "{204D62A1-5276-489A-9600-B51BA87BE57F}"
EndProject
Project("{FAE04EC0-301F-11D3-BF4B-00C04F79EFBC}") = "SFA.DAS.ProviderPayments.Calc.ManualAdjustments.UnitTests", "PeriodEnd\ManualAdjustments\SFA.DAS.ProviderPayments.Calc.ManualAdjustments.UnitTests\SFA.DAS.ProviderPayments.Calc.ManualAdjustments.UnitTests.csproj", "{08781448-554A-4E73-B7E2-15B926230994}"
EndProject
Project("{FAE04EC0-301F-11D3-BF4B-00C04F79EFBC}") = "SFA.DAS.ProviderPayments.Calc.PaymentsDue", "PeriodEnd\PaymentsDue\SFA.DAS.ProviderPayments.Calc.PaymentsDue\SFA.DAS.ProviderPayments.Calc.PaymentsDue.csproj", "{7EA464EC-6EDA-45D9-BE48-47E8AFDAA853}"
EndProject
Project("{FAE04EC0-301F-11D3-BF4B-00C04F79EFBC}") = "SFA.DAS.ProviderPayments.Calc.PaymentsDue.IntegrationTests", "PeriodEnd\PaymentsDue\SFA.DAS.ProviderPayments.Calc.PaymentsDue.IntegrationTests\SFA.DAS.ProviderPayments.Calc.PaymentsDue.IntegrationTests.csproj", "{A647DC37-1361-41C1-AB16-C00F6543AC2F}"
EndProject
Project("{FAE04EC0-301F-11D3-BF4B-00C04F79EFBC}") = "SFA.DAS.ProviderPayments.Calc.PaymentsDue.UnitTests", "PeriodEnd\PaymentsDue\SFA.DAS.ProviderPayments.Calc.PaymentsDue.UnitTests\SFA.DAS.ProviderPayments.Calc.PaymentsDue.UnitTests.csproj", "{392DCE5D-D574-4BDA-A50D-65E8B4E1B4B3}"
EndProject
Project("{FAE04EC0-301F-11D3-BF4B-00C04F79EFBC}") = "SFA.DAS.Provider.Events.Submission", "SharedPipelineComponents\IlrSubmissionEvents\SFA.DAS.Provider.Events.Submission\SFA.DAS.Provider.Events.Submission.csproj", "{A0ED5AC8-2E8D-4F37-951C-66F9B128E79A}"
EndProject
Project("{FAE04EC0-301F-11D3-BF4B-00C04F79EFBC}") = "SFA.DAS.Provider.Events.Submission.IntegrationTests", "SharedPipelineComponents\IlrSubmissionEvents\SFA.DAS.Provider.Events.Submission.IntegrationTests\SFA.DAS.Provider.Events.Submission.IntegrationTests.csproj", "{2EFC4146-CCA9-4B3F-8921-76EC2B5B4C68}"
EndProject
Project("{FAE04EC0-301F-11D3-BF4B-00C04F79EFBC}") = "SFA.DAS.Provider.Events.Submission.UnitTests", "SharedPipelineComponents\IlrSubmissionEvents\SFA.DAS.Provider.Events.Submission.UnitTests\SFA.DAS.Provider.Events.Submission.UnitTests.csproj", "{DD3BB96D-6257-4EF6-A804-282DEA31A1DC}"
EndProject
Project("{FAE04EC0-301F-11D3-BF4B-00C04F79EFBC}") = "SFA.DAS.Payments.Calc.ProviderAdjustments", "PeriodEnd\ProviderAdjustments\SFA.DAS.Payments.Calc.ProviderAdjustments\SFA.DAS.Payments.Calc.ProviderAdjustments.csproj", "{13240C68-1925-4DC2-B975-00691DC524F8}"
EndProject
Project("{FAE04EC0-301F-11D3-BF4B-00C04F79EFBC}") = "SFA.DAS.Payments.Calc.ProviderAdjustments.IntegrationTests", "PeriodEnd\ProviderAdjustments\SFA.DAS.Payments.Calc.ProviderAdjustments.IntegrationTests\SFA.DAS.Payments.Calc.ProviderAdjustments.IntegrationTests.csproj", "{1560F0F3-8074-4225-8367-1F4E4D8F50B1}"
EndProject
Project("{FAE04EC0-301F-11D3-BF4B-00C04F79EFBC}") = "SFA.DAS.Payments.Calc.ProviderAdjustments.UnitTests", "PeriodEnd\ProviderAdjustments\SFA.DAS.Payments.Calc.ProviderAdjustments.UnitTests\SFA.DAS.Payments.Calc.ProviderAdjustments.UnitTests.csproj", "{E2A1EA29-FA08-4DEE-B894-0B51376A546E}"
EndProject
Project("{FAE04EC0-301F-11D3-BF4B-00C04F79EFBC}") = "SFA.DAS.CollectionEarnings.DataLock.IntegrationTests", "SharedPipelineComponents\Datalock\SFA.DAS.CollectionEarnings.DataLock.IntTests\SFA.DAS.CollectionEarnings.DataLock.IntegrationTests.csproj", "{CEC69F7C-7A69-4EBD-9AF3-5A225B938A71}"
EndProject
Project("{2150E333-8FDC-42A3-9474-1A3956D46DE8}") = "Copy Mappings", "Copy Mappings", "{1014C414-FFAC-4A09-B42C-AE5EE290E429}"
	ProjectSection(SolutionItems) = preProject
		PeriodEnd\CoInvestedPayments\DeployCoInvestedPayments\copy mappings\DasCoInvestedPaymentsCopyToDedsMapping.xml = PeriodEnd\CoInvestedPayments\DeployCoInvestedPayments\copy mappings\DasCoInvestedPaymentsCopyToDedsMapping.xml
	EndProjectSection
EndProject
Project("{2150E333-8FDC-42A3-9474-1A3956D46DE8}") = "Sql", "Sql", "{3DC40140-C9F4-442A-8470-0E5191642265}"
EndProject
Project("{2150E333-8FDC-42A3-9474-1A3956D46DE8}") = "DDL", "DDL", "{E9E97DA8-052B-46A5-A247-69280F2916EE}"
	ProjectSection(SolutionItems) = preProject
		PeriodEnd\CoInvestedPayments\DeployCoInvestedPayments\sql\ddl\PeriodEnd.Deds.CoInvestedPayments.ddl.tables.sql = PeriodEnd\CoInvestedPayments\DeployCoInvestedPayments\sql\ddl\PeriodEnd.Deds.CoInvestedPayments.ddl.tables.sql
		PeriodEnd\CoInvestedPayments\DeployCoInvestedPayments\sql\ddl\PeriodEnd.Transient.CoInvestedPayments.ddl.sprocs.sql = PeriodEnd\CoInvestedPayments\DeployCoInvestedPayments\sql\ddl\PeriodEnd.Transient.CoInvestedPayments.ddl.sprocs.sql
		PeriodEnd\CoInvestedPayments\DeployCoInvestedPayments\sql\ddl\PeriodEnd.Transient.CoInvestedPayments.ddl.tables.sql = PeriodEnd\CoInvestedPayments\DeployCoInvestedPayments\sql\ddl\PeriodEnd.Transient.CoInvestedPayments.ddl.tables.sql
		PeriodEnd\CoInvestedPayments\DeployCoInvestedPayments\sql\ddl\PeriodEnd.Transient.CoInvestedPayments.ddl.views.sql = PeriodEnd\CoInvestedPayments\DeployCoInvestedPayments\sql\ddl\PeriodEnd.Transient.CoInvestedPayments.ddl.views.sql
		PeriodEnd\CoInvestedPayments\DeployCoInvestedPayments\sql\ddl\PeriodEnd.Transient.PaymentsHistory.ddl.tables.sql = PeriodEnd\CoInvestedPayments\DeployCoInvestedPayments\sql\ddl\PeriodEnd.Transient.PaymentsHistory.ddl.tables.sql
		PeriodEnd\CoInvestedPayments\DeployCoInvestedPayments\sql\ddl\PeriodEnd.Transient.Reference.CollectionPeriods.ddl.tables.sql = PeriodEnd\CoInvestedPayments\DeployCoInvestedPayments\sql\ddl\PeriodEnd.Transient.Reference.CollectionPeriods.ddl.tables.sql
		PeriodEnd\CoInvestedPayments\DeployCoInvestedPayments\sql\ddl\PeriodEnd.Transient.Reference.Providers.ddl.tables.sql = PeriodEnd\CoInvestedPayments\DeployCoInvestedPayments\sql\ddl\PeriodEnd.Transient.Reference.Providers.ddl.tables.sql
	EndProjectSection
EndProject
Project("{2150E333-8FDC-42A3-9474-1A3956D46DE8}") = "DML", "DML", "{AC7E72A7-C7F6-427F-8276-C2136163B6C0}"
	ProjectSection(SolutionItems) = preProject
		PeriodEnd\CoInvestedPayments\DeployCoInvestedPayments\sql\dml\01 PeriodEnd.Populate.Reference.CollectionPeriods.dml.sql = PeriodEnd\CoInvestedPayments\DeployCoInvestedPayments\sql\dml\01 PeriodEnd.Populate.Reference.CollectionPeriods.dml.sql
		PeriodEnd\CoInvestedPayments\DeployCoInvestedPayments\sql\dml\02 PeriodEnd.Populate.Reference.Providers.dml.sql = PeriodEnd\CoInvestedPayments\DeployCoInvestedPayments\sql\dml\02 PeriodEnd.Populate.Reference.Providers.dml.sql
		PeriodEnd\CoInvestedPayments\DeployCoInvestedPayments\sql\dml\03 PeriodEnd.Populate.Reference.PaymentsHistory.dml.sql = PeriodEnd\CoInvestedPayments\DeployCoInvestedPayments\sql\dml\03 PeriodEnd.Populate.Reference.PaymentsHistory.dml.sql
		PeriodEnd\CoInvestedPayments\DeployCoInvestedPayments\sql\dml\PeriodEnd.CoInvestedPayments.Cleanup.Deds.DML.sql = PeriodEnd\CoInvestedPayments\DeployCoInvestedPayments\sql\dml\PeriodEnd.CoInvestedPayments.Cleanup.Deds.DML.sql
	EndProjectSection
EndProject
Project("{2150E333-8FDC-42A3-9474-1A3956D46DE8}") = "Copy Mappings - Period End", "Copy Mappings - Period End", "{C19A054D-9337-4E79-819C-EF76DEC1980D}"
	ProjectSection(SolutionItems) = preProject
		SharedPipelineComponents\Datalock\DeployPeriodEnd\copy mappings\DasPeriodEndDataLockCopyToDedsMapping.xml = SharedPipelineComponents\Datalock\DeployPeriodEnd\copy mappings\DasPeriodEndDataLockCopyToDedsMapping.xml
	EndProjectSection
EndProject
Project("{2150E333-8FDC-42A3-9474-1A3956D46DE8}") = "Sql - Period End", "Sql - Period End", "{CD7678D2-DA8F-4A52-AC68-2AC887ADC2CE}"
EndProject
Project("{2150E333-8FDC-42A3-9474-1A3956D46DE8}") = "Copy Mappings - Ilr Submission", "Copy Mappings - Ilr Submission", "{A98AB30C-D91F-43E4-9159-E1BDAC49727E}"
	ProjectSection(SolutionItems) = preProject
		SharedPipelineComponents\Datalock\Deploy\copy mappings\DasDataLockCopyToDedsMapping.xml = SharedPipelineComponents\Datalock\Deploy\copy mappings\DasDataLockCopyToDedsMapping.xml
	EndProjectSection
EndProject
Project("{2150E333-8FDC-42A3-9474-1A3956D46DE8}") = "Sql - Ilr Submission", "Sql - Ilr Submission", "{3DB42E5E-B5B2-4174-A6AF-1799DE89E484}"
EndProject
Project("{2150E333-8FDC-42A3-9474-1A3956D46DE8}") = "DDL", "DDL", "{7BB75DDA-C32E-4DBE-B711-46ADDB2578AB}"
	ProjectSection(SolutionItems) = preProject
		SharedPipelineComponents\Datalock\DeployPeriodEnd\sql\ddl\PeriodEnd.Deds.DataLock.DDL.sprocs.sql = SharedPipelineComponents\Datalock\DeployPeriodEnd\sql\ddl\PeriodEnd.Deds.DataLock.DDL.sprocs.sql
		SharedPipelineComponents\Datalock\DeployPeriodEnd\sql\ddl\PeriodEnd.Deds.DataLock.DDL.Tables.sql = SharedPipelineComponents\Datalock\DeployPeriodEnd\sql\ddl\PeriodEnd.Deds.DataLock.DDL.Tables.sql
		SharedPipelineComponents\Datalock\DeployPeriodEnd\sql\ddl\PeriodEnd.Transient.DataLock.DDL.Procs.sql = SharedPipelineComponents\Datalock\DeployPeriodEnd\sql\ddl\PeriodEnd.Transient.DataLock.DDL.Procs.sql
		SharedPipelineComponents\Datalock\DeployPeriodEnd\sql\ddl\PeriodEnd.Transient.DataLock.DDL.Tables.sql = SharedPipelineComponents\Datalock\DeployPeriodEnd\sql\ddl\PeriodEnd.Transient.DataLock.DDL.Tables.sql
		SharedPipelineComponents\Datalock\DeployPeriodEnd\sql\ddl\PeriodEnd.Transient.DataLock.DDL.Views.sql = SharedPipelineComponents\Datalock\DeployPeriodEnd\sql\ddl\PeriodEnd.Transient.DataLock.DDL.Views.sql
		SharedPipelineComponents\Datalock\DeployPeriodEnd\sql\ddl\PeriodEnd.Transient.DataLock.Reference.ddl.tables.sql = SharedPipelineComponents\Datalock\DeployPeriodEnd\sql\ddl\PeriodEnd.Transient.DataLock.Reference.ddl.tables.sql
		SharedPipelineComponents\Datalock\DeployPeriodEnd\sql\ddl\PeriodEnd.Transient.Reference.Accounts.ddl.tables.sql = SharedPipelineComponents\Datalock\DeployPeriodEnd\sql\ddl\PeriodEnd.Transient.Reference.Accounts.ddl.tables.sql
		SharedPipelineComponents\Datalock\DeployPeriodEnd\sql\ddl\PeriodEnd.Transient.Reference.CollectionPeriods.ddl.tables.sql = SharedPipelineComponents\Datalock\DeployPeriodEnd\sql\ddl\PeriodEnd.Transient.Reference.CollectionPeriods.ddl.tables.sql
		SharedPipelineComponents\Datalock\DeployPeriodEnd\sql\ddl\PeriodEnd.Transient.Reference.Commitments.ddl.tables.sql = SharedPipelineComponents\Datalock\DeployPeriodEnd\sql\ddl\PeriodEnd.Transient.Reference.Commitments.ddl.tables.sql
		SharedPipelineComponents\Datalock\DeployPeriodEnd\sql\ddl\PeriodEnd.Transient.Reference.Providers.ddl.tables.sql = SharedPipelineComponents\Datalock\DeployPeriodEnd\sql\ddl\PeriodEnd.Transient.Reference.Providers.ddl.tables.sql
	EndProjectSection
EndProject
Project("{2150E333-8FDC-42A3-9474-1A3956D46DE8}") = "DML", "DML", "{2D1EEBA0-85B7-4F28-AF90-FB14CB5F40F6}"
	ProjectSection(SolutionItems) = preProject
		SharedPipelineComponents\Datalock\DeployPeriodEnd\sql\dml\01 PeriodEnd.Populate.Reference.CollectionPeriods.dml.sql = SharedPipelineComponents\Datalock\DeployPeriodEnd\sql\dml\01 PeriodEnd.Populate.Reference.CollectionPeriods.dml.sql
		SharedPipelineComponents\Datalock\DeployPeriodEnd\sql\dml\02 PeriodEnd.Populate.Reference.Providers.dml.sql = SharedPipelineComponents\Datalock\DeployPeriodEnd\sql\dml\02 PeriodEnd.Populate.Reference.Providers.dml.sql
		SharedPipelineComponents\Datalock\DeployPeriodEnd\sql\dml\03 PeriodEnd.Populate.Reference.Commitments.dml.sql = SharedPipelineComponents\Datalock\DeployPeriodEnd\sql\dml\03 PeriodEnd.Populate.Reference.Commitments.dml.sql
		SharedPipelineComponents\Datalock\DeployPeriodEnd\sql\dml\05 PeriodEnd.DataLock.Populate.Reference.DataLockPriceEpisode.dml.sql = SharedPipelineComponents\Datalock\DeployPeriodEnd\sql\dml\05 PeriodEnd.DataLock.Populate.Reference.DataLockPriceEpisode.dml.sql
		SharedPipelineComponents\Datalock\DeployPeriodEnd\sql\dml\06 PeriodEnd.Populate.Reference.Accounts.dml.sql = SharedPipelineComponents\Datalock\DeployPeriodEnd\sql\dml\06 PeriodEnd.Populate.Reference.Accounts.dml.sql
		SharedPipelineComponents\Datalock\DeployPeriodEnd\sql\dml\07 PeriodEnd.DataLock.Populate.Reference.ApprenticeshipPriceEpisode_Period.dml.sql = SharedPipelineComponents\Datalock\DeployPeriodEnd\sql\dml\07 PeriodEnd.DataLock.Populate.Reference.ApprenticeshipPriceEpisode_Period.dml.sql
		SharedPipelineComponents\Datalock\DeployPeriodEnd\sql\dml\PeriodEnd.DataLock.Cleanup.Deds.DML.sql = SharedPipelineComponents\Datalock\DeployPeriodEnd\sql\dml\PeriodEnd.DataLock.Cleanup.Deds.DML.sql
	EndProjectSection
EndProject
Project("{2150E333-8FDC-42A3-9474-1A3956D46DE8}") = "Migration Scripts", "Migration Scripts", "{231F6D43-2247-467D-B3F8-80D7873261CF}"
	ProjectSection(SolutionItems) = preProject
		SharedPipelineComponents\Datalock\DeployPeriodEnd\sql\MigrationScripts\1_PeriodEnd.Deds.DataLock.Tables.Change_Column_Types.sql = SharedPipelineComponents\Datalock\DeployPeriodEnd\sql\MigrationScripts\1_PeriodEnd.Deds.DataLock.Tables.Change_Column_Types.sql
		SharedPipelineComponents\Datalock\DeployPeriodEnd\sql\MigrationScripts\2_PeriodEnd.Deds.DataLock.Tables.Change_version_id_type.sql = SharedPipelineComponents\Datalock\DeployPeriodEnd\sql\MigrationScripts\2_PeriodEnd.Deds.DataLock.Tables.Change_version_id_type.sql
		SharedPipelineComponents\Datalock\DeployPeriodEnd\sql\MigrationScripts\3_PeriodEnd.Deds.DataLock.Tables.Add_Indexes.sql = SharedPipelineComponents\Datalock\DeployPeriodEnd\sql\MigrationScripts\3_PeriodEnd.Deds.DataLock.Tables.Add_Indexes.sql
	EndProjectSection
EndProject
Project("{2150E333-8FDC-42A3-9474-1A3956D46DE8}") = "DDL", "DDL", "{A239066C-AB6C-433D-B0C8-53A06D671A09}"
	ProjectSection(SolutionItems) = preProject
		SharedPipelineComponents\Datalock\Deploy\sql\ddl\Ilr.Deds.DataLock.DDL.sprocs.sql = SharedPipelineComponents\Datalock\Deploy\sql\ddl\Ilr.Deds.DataLock.DDL.sprocs.sql
		SharedPipelineComponents\Datalock\Deploy\sql\ddl\Ilr.Deds.DataLock.DDL.Tables.sql = SharedPipelineComponents\Datalock\Deploy\sql\ddl\Ilr.Deds.DataLock.DDL.Tables.sql
		SharedPipelineComponents\Datalock\Deploy\sql\ddl\Ilr.Transient.DataLock.DDL.Procs.sql = SharedPipelineComponents\Datalock\Deploy\sql\ddl\Ilr.Transient.DataLock.DDL.Procs.sql
		SharedPipelineComponents\Datalock\Deploy\sql\ddl\Ilr.Transient.DataLock.DDL.Tables.sql = SharedPipelineComponents\Datalock\Deploy\sql\ddl\Ilr.Transient.DataLock.DDL.Tables.sql
		SharedPipelineComponents\Datalock\Deploy\sql\ddl\Ilr.Transient.DataLock.DDL.Views.sql = SharedPipelineComponents\Datalock\Deploy\sql\ddl\Ilr.Transient.DataLock.DDL.Views.sql
		SharedPipelineComponents\Datalock\Deploy\sql\ddl\Ilr.Transient.Reference.Accounts.ddl.tables.sql = SharedPipelineComponents\Datalock\Deploy\sql\ddl\Ilr.Transient.Reference.Accounts.ddl.tables.sql
		SharedPipelineComponents\Datalock\Deploy\sql\ddl\Ilr.Transient.Reference.CollectionPeriods.ddl.tables.sql = SharedPipelineComponents\Datalock\Deploy\sql\ddl\Ilr.Transient.Reference.CollectionPeriods.ddl.tables.sql
		SharedPipelineComponents\Datalock\Deploy\sql\ddl\Ilr.Transient.Reference.Commitments.ddl.tables.sql = SharedPipelineComponents\Datalock\Deploy\sql\ddl\Ilr.Transient.Reference.Commitments.ddl.tables.sql
	EndProjectSection
EndProject
Project("{2150E333-8FDC-42A3-9474-1A3956D46DE8}") = "DML", "DML", "{F3FEA2F4-2BD8-444F-8FA8-3B361982D18B}"
	ProjectSection(SolutionItems) = preProject
		SharedPipelineComponents\Datalock\Deploy\sql\dml\01 Ilr.Populate.Reference.CollectionPeriods.dml.sql = SharedPipelineComponents\Datalock\Deploy\sql\dml\01 Ilr.Populate.Reference.CollectionPeriods.dml.sql
		SharedPipelineComponents\Datalock\Deploy\sql\dml\02 Ilr.DataLock.Populate.Reference.DasCommitments.dml.sql = SharedPipelineComponents\Datalock\Deploy\sql\dml\02 Ilr.DataLock.Populate.Reference.DasCommitments.dml.sql
		SharedPipelineComponents\Datalock\Deploy\sql\dml\03 ilr.Populate.Reference.Accounts.dml.sql = SharedPipelineComponents\Datalock\Deploy\sql\dml\03 ilr.Populate.Reference.Accounts.dml.sql
		SharedPipelineComponents\Datalock\Deploy\sql\dml\Ilr.DataLock.Cleanup.Deds.DML.sql = SharedPipelineComponents\Datalock\Deploy\sql\dml\Ilr.DataLock.Cleanup.Deds.DML.sql
	EndProjectSection
EndProject
Project("{2150E333-8FDC-42A3-9474-1A3956D46DE8}") = "Migration Scripts", "Migration Scripts", "{52CAEA9D-0A2E-4976-A73A-27C4B415C898}"
	ProjectSection(SolutionItems) = preProject
		SharedPipelineComponents\Datalock\Deploy\sql\MigrationScripts\1_Ilr.Deds.DataLock.Tables.Change_Column_Types.sql = SharedPipelineComponents\Datalock\Deploy\sql\MigrationScripts\1_Ilr.Deds.DataLock.Tables.Change_Column_Types.sql
		SharedPipelineComponents\Datalock\Deploy\sql\MigrationScripts\2_Ilr.Deds.DataLock.Tables.Change_version_id_type.sql = SharedPipelineComponents\Datalock\Deploy\sql\MigrationScripts\2_Ilr.Deds.DataLock.Tables.Change_version_id_type.sql
		SharedPipelineComponents\Datalock\Deploy\sql\MigrationScripts\3_Ilr.Deds.DataLock.Tables.Index.sql = SharedPipelineComponents\Datalock\Deploy\sql\MigrationScripts\3_Ilr.Deds.DataLock.Tables.Index.sql
	EndProjectSection
EndProject
Project("{2150E333-8FDC-42A3-9474-1A3956D46DE8}") = "Copy Mappings", "Copy Mappings", "{6B20CCA5-0791-44AB-814F-A80A8A0A99AC}"
	ProjectSection(SolutionItems) = preProject
		SharedPipelineComponents\DataLockEvents\DeployDataLock\copy mappings\DasDataLockEventsCopyToDedsMapping.xml = SharedPipelineComponents\DataLockEvents\DeployDataLock\copy mappings\DasDataLockEventsCopyToDedsMapping.xml
	EndProjectSection
EndProject
Project("{2150E333-8FDC-42A3-9474-1A3956D46DE8}") = "Sql", "Sql", "{DCF203CB-AA49-4452-AF66-125DCB1CF6AD}"
EndProject
Project("{2150E333-8FDC-42A3-9474-1A3956D46DE8}") = "DDL", "DDL", "{4844093B-F585-4D61-A370-8356133C1177}"
	ProjectSection(SolutionItems) = preProject
		SharedPipelineComponents\DataLockEvents\DeployDataLock\sql\ddl\datalockevents.deds.ddl.tables.sql = SharedPipelineComponents\DataLockEvents\DeployDataLock\sql\ddl\datalockevents.deds.ddl.tables.sql
		SharedPipelineComponents\DataLockEvents\DeployDataLock\sql\ddl\datalockevents.transient.ddl.procedures.sql = SharedPipelineComponents\DataLockEvents\DeployDataLock\sql\ddl\datalockevents.transient.ddl.procedures.sql
		SharedPipelineComponents\DataLockEvents\DeployDataLock\sql\ddl\datalockevents.transient.ddl.tables.sql = SharedPipelineComponents\DataLockEvents\DeployDataLock\sql\ddl\datalockevents.transient.ddl.tables.sql
		SharedPipelineComponents\DataLockEvents\DeployDataLock\sql\ddl\datalockevents.transient.ddl.views.periodend.sql = SharedPipelineComponents\DataLockEvents\DeployDataLock\sql\ddl\datalockevents.transient.ddl.views.periodend.sql
		SharedPipelineComponents\DataLockEvents\DeployDataLock\sql\ddl\datalockevents.transient.ddl.views.submission.sql = SharedPipelineComponents\DataLockEvents\DeployDataLock\sql\ddl\datalockevents.transient.ddl.views.submission.sql
		SharedPipelineComponents\DataLockEvents\DeployDataLock\sql\ddl\datalockevents.transient.reference.ddl.tables.sql = SharedPipelineComponents\DataLockEvents\DeployDataLock\sql\ddl\datalockevents.transient.reference.ddl.tables.sql
	EndProjectSection
EndProject
Project("{2150E333-8FDC-42A3-9474-1A3956D46DE8}") = "DML", "DML", "{B1060E2A-D8B9-452F-AA4D-421111977726}"
	ProjectSection(SolutionItems) = preProject
		SharedPipelineComponents\DataLockEvents\DeployDataLock\sql\dml\01 datalock.PreRun.DataLockEvents.PopulateDataLockEventsData.sql = SharedPipelineComponents\DataLockEvents\DeployDataLock\sql\dml\01 datalock.PreRun.DataLockEvents.PopulateDataLockEventsData.sql
		SharedPipelineComponents\DataLockEvents\DeployDataLock\sql\dml\02 datalock.populate.reference.history.sql = SharedPipelineComponents\DataLockEvents\DeployDataLock\sql\dml\02 datalock.populate.reference.history.sql
		SharedPipelineComponents\DataLockEvents\DeployDataLock\sql\dml\03 datalock.populate.reference.datalockeventperiods.sql = SharedPipelineComponents\DataLockEvents\DeployDataLock\sql\dml\03 datalock.populate.reference.datalockeventperiods.sql
		SharedPipelineComponents\DataLockEvents\DeployDataLock\sql\dml\04 datalock.populate.reference.datalockeventerrors.sql = SharedPipelineComponents\DataLockEvents\DeployDataLock\sql\dml\04 datalock.populate.reference.datalockeventerrors.sql
		SharedPipelineComponents\DataLockEvents\DeployDataLock\sql\dml\05 datalock.populate.reference.datalockeventcommitmentversions.sql = SharedPipelineComponents\DataLockEvents\DeployDataLock\sql\dml\05 datalock.populate.reference.datalockeventcommitmentversions.sql
	EndProjectSection
EndProject
Project("{2150E333-8FDC-42A3-9474-1A3956D46DE8}") = "Migration Scripts", "Migration Scripts", "{15971D37-26F3-48B6-8A51-8E5B04A9742C}"
	ProjectSection(SolutionItems) = preProject
		SharedPipelineComponents\DataLockEvents\DeployDataLock\sql\migrationscripts\001_DataLockEvents_Add_EventStatus.sql = SharedPipelineComponents\DataLockEvents\DeployDataLock\sql\migrationscripts\001_DataLockEvents_Add_EventStatus.sql
		SharedPipelineComponents\DataLockEvents\DeployDataLock\sql\migrationscripts\002_DataLockEvents_Change_Commitment_Verion.sql = SharedPipelineComponents\DataLockEvents\DeployDataLock\sql\migrationscripts\002_DataLockEvents_Change_Commitment_Verion.sql
		SharedPipelineComponents\DataLockEvents\DeployDataLock\sql\migrationscripts\003_DataLockEvents_Change_LearnRef_AimSequence_ColumnType.sql = SharedPipelineComponents\DataLockEvents\DeployDataLock\sql\migrationscripts\003_DataLockEvents_Change_LearnRef_AimSequence_ColumnType.sql
	EndProjectSection
EndProject
Project("{2150E333-8FDC-42A3-9474-1A3956D46DE8}") = "Copy Mappings", "Copy Mappings", "{A590490B-BEE4-46EE-ADC8-016D973F184A}"
	ProjectSection(SolutionItems) = preProject
		SharedPipelineComponents\IlrSubmissionEvents\DeploySubmission\copy mappings\DasSubmissionEventsCopyToDedsMapping.xml = SharedPipelineComponents\IlrSubmissionEvents\DeploySubmission\copy mappings\DasSubmissionEventsCopyToDedsMapping.xml
	EndProjectSection
EndProject
Project("{2150E333-8FDC-42A3-9474-1A3956D46DE8}") = "Sql", "Sql", "{ACE71C78-4DF5-4E0E-8DCD-A070D7E6C857}"
EndProject
Project("{2150E333-8FDC-42A3-9474-1A3956D46DE8}") = "DDL", "DDL", "{2FF27AA3-EB52-4BBC-8D45-E52247659BA6}"
	ProjectSection(SolutionItems) = preProject
		SharedPipelineComponents\IlrSubmissionEvents\DeploySubmission\sql\ddl\submissions.deds.ddl.tables.sql = SharedPipelineComponents\IlrSubmissionEvents\DeploySubmission\sql\ddl\submissions.deds.ddl.tables.sql
		SharedPipelineComponents\IlrSubmissionEvents\DeploySubmission\sql\ddl\submissions.transient.ddl.functions.sql = SharedPipelineComponents\IlrSubmissionEvents\DeploySubmission\sql\ddl\submissions.transient.ddl.functions.sql
		SharedPipelineComponents\IlrSubmissionEvents\DeploySubmission\sql\ddl\submissions.transient.ddl.tables.sql = SharedPipelineComponents\IlrSubmissionEvents\DeploySubmission\sql\ddl\submissions.transient.ddl.tables.sql
		SharedPipelineComponents\IlrSubmissionEvents\DeploySubmission\sql\ddl\submissions.transient.ddl.views.sql = SharedPipelineComponents\IlrSubmissionEvents\DeploySubmission\sql\ddl\submissions.transient.ddl.views.sql
	EndProjectSection
EndProject
Project("{2150E333-8FDC-42A3-9474-1A3956D46DE8}") = "DML", "DML", "{C065F741-64BE-4406-A53D-D13D93EE5F8C}"
	ProjectSection(SolutionItems) = preProject
		SharedPipelineComponents\IlrSubmissionEvents\DeploySubmission\sql\dml\01 submissions.populate.submissions.sql = SharedPipelineComponents\IlrSubmissionEvents\DeploySubmission\sql\dml\01 submissions.populate.submissions.sql
		SharedPipelineComponents\IlrSubmissionEvents\DeploySubmission\sql\dml\02 Submissions.Cleanup.Deds.DML.sql = SharedPipelineComponents\IlrSubmissionEvents\DeploySubmission\sql\dml\02 Submissions.Cleanup.Deds.DML.sql
	EndProjectSection
EndProject
Project("{2150E333-8FDC-42A3-9474-1A3956D46DE8}") = "Copy Mappings", "Copy Mappings", "{6EFB3C71-16BC-4EBB-AEEF-38FE6C28BAB9}"
	ProjectSection(SolutionItems) = preProject
		PeriodEnd\LevyPayments\DeployLevyPayments\copy mappings\DasLevyPaymentsCopyToDedsMapping.xml = PeriodEnd\LevyPayments\DeployLevyPayments\copy mappings\DasLevyPaymentsCopyToDedsMapping.xml
	EndProjectSection
EndProject
Project("{2150E333-8FDC-42A3-9474-1A3956D46DE8}") = "Sql", "Sql", "{86487371-8D20-4E02-82CE-701D6E05C59E}"
EndProject
Project("{2150E333-8FDC-42A3-9474-1A3956D46DE8}") = "DDL", "DDL", "{7CD65BC9-1D38-40A3-A4F8-57FA84592CF6}"
	ProjectSection(SolutionItems) = preProject
		PeriodEnd\LevyPayments\DeployLevyPayments\sql\ddl\PeriodEnd.Deds.LevyPayments.ddl.tables.sql = PeriodEnd\LevyPayments\DeployLevyPayments\sql\ddl\PeriodEnd.Deds.LevyPayments.ddl.tables.sql
		PeriodEnd\LevyPayments\DeployLevyPayments\sql\ddl\PeriodEnd.Transient.LevyPayments.ddl.sprocs.sql = PeriodEnd\LevyPayments\DeployLevyPayments\sql\ddl\PeriodEnd.Transient.LevyPayments.ddl.sprocs.sql
		PeriodEnd\LevyPayments\DeployLevyPayments\sql\ddl\PeriodEnd.Transient.LevyPayments.ddl.tables.sql = PeriodEnd\LevyPayments\DeployLevyPayments\sql\ddl\PeriodEnd.Transient.LevyPayments.ddl.tables.sql
		PeriodEnd\LevyPayments\DeployLevyPayments\sql\ddl\PeriodEnd.Transient.LevyPayments.ddl.views.sql = PeriodEnd\LevyPayments\DeployLevyPayments\sql\ddl\PeriodEnd.Transient.LevyPayments.ddl.views.sql
		PeriodEnd\LevyPayments\DeployLevyPayments\sql\ddl\PeriodEnd.Transient.PaymentsHistory.ddl.tables.sql = PeriodEnd\LevyPayments\DeployLevyPayments\sql\ddl\PeriodEnd.Transient.PaymentsHistory.ddl.tables.sql
		PeriodEnd\LevyPayments\DeployLevyPayments\sql\ddl\PeriodEnd.Transient.Reference.Accounts.ddl.tables.sql = PeriodEnd\LevyPayments\DeployLevyPayments\sql\ddl\PeriodEnd.Transient.Reference.Accounts.ddl.tables.sql
		PeriodEnd\LevyPayments\DeployLevyPayments\sql\ddl\PeriodEnd.Transient.Reference.CollectionPeriods.ddl.tables.sql = PeriodEnd\LevyPayments\DeployLevyPayments\sql\ddl\PeriodEnd.Transient.Reference.CollectionPeriods.ddl.tables.sql
		PeriodEnd\LevyPayments\DeployLevyPayments\sql\ddl\PeriodEnd.Transient.Reference.Commitments.ddl.tables.sql = PeriodEnd\LevyPayments\DeployLevyPayments\sql\ddl\PeriodEnd.Transient.Reference.Commitments.ddl.tables.sql
		PeriodEnd\LevyPayments\DeployLevyPayments\sql\ddl\PeriodEnd.Transient.Reference.Providers.ddl.tables.sql = PeriodEnd\LevyPayments\DeployLevyPayments\sql\ddl\PeriodEnd.Transient.Reference.Providers.ddl.tables.sql
	EndProjectSection
EndProject
Project("{2150E333-8FDC-42A3-9474-1A3956D46DE8}") = "DML", "DML", "{98332D8D-4F05-4D1A-A9DD-6CB47B695DA8}"
	ProjectSection(SolutionItems) = preProject
		PeriodEnd\LevyPayments\DeployLevyPayments\sql\dml\01 PeriodEnd.Populate.Reference.CollectionPeriods.dml.sql = PeriodEnd\LevyPayments\DeployLevyPayments\sql\dml\01 PeriodEnd.Populate.Reference.CollectionPeriods.dml.sql
		PeriodEnd\LevyPayments\DeployLevyPayments\sql\dml\02 PeriodEnd.Populate.Reference.Providers.dml.sql = PeriodEnd\LevyPayments\DeployLevyPayments\sql\dml\02 PeriodEnd.Populate.Reference.Providers.dml.sql
		PeriodEnd\LevyPayments\DeployLevyPayments\sql\dml\03 PeriodEnd.Populate.Reference.Commitments.dml.sql = PeriodEnd\LevyPayments\DeployLevyPayments\sql\dml\03 PeriodEnd.Populate.Reference.Commitments.dml.sql
		PeriodEnd\LevyPayments\DeployLevyPayments\sql\dml\04 PeriodEnd.Populate.Reference.Accounts.dml.sql = PeriodEnd\LevyPayments\DeployLevyPayments\sql\dml\04 PeriodEnd.Populate.Reference.Accounts.dml.sql
		PeriodEnd\LevyPayments\DeployLevyPayments\sql\dml\05 PeriodEnd.Populate.Reference.PaymentsHistory.dml.sql = PeriodEnd\LevyPayments\DeployLevyPayments\sql\dml\05 PeriodEnd.Populate.Reference.PaymentsHistory.dml.sql
		PeriodEnd\LevyPayments\DeployLevyPayments\sql\dml\PeriodEnd.LevyPayments.Cleanup.Deds.DML.sql = PeriodEnd\LevyPayments\DeployLevyPayments\sql\dml\PeriodEnd.LevyPayments.Cleanup.Deds.DML.sql
	EndProjectSection
EndProject
Project("{2150E333-8FDC-42A3-9474-1A3956D46DE8}") = "Copy Mappings", "Copy Mappings", "{BB04701C-7F31-4670-8862-2688B784E45C}"
	ProjectSection(SolutionItems) = preProject
		PeriodEnd\ManualAdjustments\DeployManualAdjustments\copy mappings\DasManualAdjustmentsCopyToDedsMapping.xml = PeriodEnd\ManualAdjustments\DeployManualAdjustments\copy mappings\DasManualAdjustmentsCopyToDedsMapping.xml
	EndProjectSection
EndProject
Project("{2150E333-8FDC-42A3-9474-1A3956D46DE8}") = "Sql", "Sql", "{4E51108D-D522-472D-BC9E-A27F55DDE910}"
EndProject
Project("{2150E333-8FDC-42A3-9474-1A3956D46DE8}") = "DDL", "DDL", "{9AA01AF9-92B7-4055-B939-67546F607393}"
	ProjectSection(SolutionItems) = preProject
		PeriodEnd\ManualAdjustments\DeployManualAdjustments\sql\ddl\PeriodEnd.Deds.ManualAdjustments.ddl.procs.sql = PeriodEnd\ManualAdjustments\DeployManualAdjustments\sql\ddl\PeriodEnd.Deds.ManualAdjustments.ddl.procs.sql
		PeriodEnd\ManualAdjustments\DeployManualAdjustments\sql\ddl\PeriodEnd.Deds.ManualAdjustments.ddl.tables.sql = PeriodEnd\ManualAdjustments\DeployManualAdjustments\sql\ddl\PeriodEnd.Deds.ManualAdjustments.ddl.tables.sql
		PeriodEnd\ManualAdjustments\DeployManualAdjustments\sql\ddl\PeriodEnd.Transient.ManualAdjustments.ddl.tables.sql = PeriodEnd\ManualAdjustments\DeployManualAdjustments\sql\ddl\PeriodEnd.Transient.ManualAdjustments.ddl.tables.sql
	EndProjectSection
EndProject
Project("{2150E333-8FDC-42A3-9474-1A3956D46DE8}") = "DML", "DML", "{7964AD82-0991-46E2-8D29-4BFD8ABFD050}"
	ProjectSection(SolutionItems) = preProject
		PeriodEnd\ManualAdjustments\DeployManualAdjustments\sql\dml\01 PeriodEnd.Adjustments.Populate.ManualAdjustments.sql = PeriodEnd\ManualAdjustments\DeployManualAdjustments\sql\dml\01 PeriodEnd.Adjustments.Populate.ManualAdjustments.sql
		PeriodEnd\ManualAdjustments\DeployManualAdjustments\sql\dml\PeriodEnd.ManualAdjustments.Cleanup.Deds.DML.sql = PeriodEnd\ManualAdjustments\DeployManualAdjustments\sql\dml\PeriodEnd.ManualAdjustments.Cleanup.Deds.DML.sql
	EndProjectSection
EndProject
Project("{2150E333-8FDC-42A3-9474-1A3956D46DE8}") = "Copy Mappings", "Copy Mappings", "{CCCA0E9C-1426-4E59-B673-C9FC5565D5A4}"
	ProjectSection(SolutionItems) = preProject
		PeriodEnd\PaymentsDue\DeployPaymentsDue\copy mappings\DasPaymentsDueCopyToDedsMapping.xml = PeriodEnd\PaymentsDue\DeployPaymentsDue\copy mappings\DasPaymentsDueCopyToDedsMapping.xml
	EndProjectSection
EndProject
Project("{2150E333-8FDC-42A3-9474-1A3956D46DE8}") = "Sql", "Sql", "{61493CCE-0228-4120-9BBA-5078CE8C29C0}"
EndProject
Project("{2150E333-8FDC-42A3-9474-1A3956D46DE8}") = "DDL", "DDL", "{3CD867A5-C0AA-4654-B4BD-E488BD05B60E}"
	ProjectSection(SolutionItems) = preProject
		PeriodEnd\PaymentsDue\DeployPaymentsDue\sql\ddl\PeriodEnd.Deds.PaymentsDue.DDL.tables.sql = PeriodEnd\PaymentsDue\DeployPaymentsDue\sql\ddl\PeriodEnd.Deds.PaymentsDue.DDL.tables.sql
		PeriodEnd\PaymentsDue\DeployPaymentsDue\sql\ddl\PeriodEnd.Transient.PaymentsDue.DDL.tables.sql = PeriodEnd\PaymentsDue\DeployPaymentsDue\sql\ddl\PeriodEnd.Transient.PaymentsDue.DDL.tables.sql
		PeriodEnd\PaymentsDue\DeployPaymentsDue\sql\ddl\PeriodEnd.Transient.PaymentsDue.DDL.views.sql = PeriodEnd\PaymentsDue\DeployPaymentsDue\sql\ddl\PeriodEnd.Transient.PaymentsDue.DDL.views.sql
		PeriodEnd\PaymentsDue\DeployPaymentsDue\sql\ddl\PeriodEnd.Transient.PaymentsDue.Reference.DDL.tables.sql = PeriodEnd\PaymentsDue\DeployPaymentsDue\sql\ddl\PeriodEnd.Transient.PaymentsDue.Reference.DDL.tables.sql
		PeriodEnd\PaymentsDue\DeployPaymentsDue\sql\ddl\PeriodEnd.Transient.Reference.Accounts.ddl.tables.sql = PeriodEnd\PaymentsDue\DeployPaymentsDue\sql\ddl\PeriodEnd.Transient.Reference.Accounts.ddl.tables.sql
		PeriodEnd\PaymentsDue\DeployPaymentsDue\sql\ddl\PeriodEnd.Transient.Reference.CollectionPeriods.ddl.tables.sql = PeriodEnd\PaymentsDue\DeployPaymentsDue\sql\ddl\PeriodEnd.Transient.Reference.CollectionPeriods.ddl.tables.sql
		PeriodEnd\PaymentsDue\DeployPaymentsDue\sql\ddl\PeriodEnd.Transient.Reference.Commitments.ddl.tables.sql = PeriodEnd\PaymentsDue\DeployPaymentsDue\sql\ddl\PeriodEnd.Transient.Reference.Commitments.ddl.tables.sql
		PeriodEnd\PaymentsDue\DeployPaymentsDue\sql\ddl\PeriodEnd.Transient.Reference.Providers.ddl.tables.sql = PeriodEnd\PaymentsDue\DeployPaymentsDue\sql\ddl\PeriodEnd.Transient.Reference.Providers.ddl.tables.sql
		PeriodEnd\PaymentsDue\DeployPaymentsDue\sql\ddl\PeriodEnd.Transient.Staging.ddl.tables.sql = PeriodEnd\PaymentsDue\DeployPaymentsDue\sql\ddl\PeriodEnd.Transient.Staging.ddl.tables.sql
	EndProjectSection
EndProject
Project("{2150E333-8FDC-42A3-9474-1A3956D46DE8}") = "DML", "DML", "{D560F146-8394-4F70-9A22-AAD139DEAEAC}"
	ProjectSection(SolutionItems) = preProject
		PeriodEnd\PaymentsDue\DeployPaymentsDue\sql\dml\01 PeriodEnd.Populate.Reference.CollectionPeriods.dml.sql = PeriodEnd\PaymentsDue\DeployPaymentsDue\sql\dml\01 PeriodEnd.Populate.Reference.CollectionPeriods.dml.sql
		PeriodEnd\PaymentsDue\DeployPaymentsDue\sql\dml\02 PeriodEnd.Populate.Reference.Providers.dml.sql = PeriodEnd\PaymentsDue\DeployPaymentsDue\sql\dml\02 PeriodEnd.Populate.Reference.Providers.dml.sql
		PeriodEnd\PaymentsDue\DeployPaymentsDue\sql\dml\03 PeriodEnd.Populate.Reference.Commitments.dml.sql = PeriodEnd\PaymentsDue\DeployPaymentsDue\sql\dml\03 PeriodEnd.Populate.Reference.Commitments.dml.sql
		PeriodEnd\PaymentsDue\DeployPaymentsDue\sql\dml\04 PeriodEnd.Populate.Reference.Accounts.dml.sql = PeriodEnd\PaymentsDue\DeployPaymentsDue\sql\dml\04 PeriodEnd.Populate.Reference.Accounts.dml.sql
		PeriodEnd\PaymentsDue\DeployPaymentsDue\sql\dml\05 PeriodEnd.PaymentsDue.Populate.Reference.ApprenticeshipEarnings.dml.sql = PeriodEnd\PaymentsDue\DeployPaymentsDue\sql\dml\05 PeriodEnd.PaymentsDue.Populate.Reference.ApprenticeshipEarnings.dml.sql
		PeriodEnd\PaymentsDue\DeployPaymentsDue\sql\dml\06 PeriodEnd.PaymentsDue.Populate.Reference.RequiredPaymentsHistory.dml.sql = PeriodEnd\PaymentsDue\DeployPaymentsDue\sql\dml\06 PeriodEnd.PaymentsDue.Populate.Reference.RequiredPaymentsHistory.dml.sql
		PeriodEnd\PaymentsDue\DeployPaymentsDue\sql\dml\07 PeriodEnd.PaymentsDue.PreRun.Staging.CollectionPeriods.sql = PeriodEnd\PaymentsDue\DeployPaymentsDue\sql\dml\07 PeriodEnd.PaymentsDue.PreRun.Staging.CollectionPeriods.sql
		PeriodEnd\PaymentsDue\DeployPaymentsDue\sql\dml\08 PeriodEnd.PaymentsDue.PreRun.Staging.NonDasTransactionTypes.sql = PeriodEnd\PaymentsDue\DeployPaymentsDue\sql\dml\08 PeriodEnd.PaymentsDue.PreRun.Staging.NonDasTransactionTypes.sql
		PeriodEnd\PaymentsDue\DeployPaymentsDue\sql\dml\09 PeriodEnd.PaymentsDue.PreRun.Staging.LearnerPriceEpisodePerPeriod.sql = PeriodEnd\PaymentsDue\DeployPaymentsDue\sql\dml\09 PeriodEnd.PaymentsDue.PreRun.Staging.LearnerPriceEpisodePerPeriod.sql
		PeriodEnd\PaymentsDue\DeployPaymentsDue\sql\dml\10 PeriodEnd.PaymentsDue.PreRun.Staging.ApprenticeshipEarningsRequiringPayments.sql = PeriodEnd\PaymentsDue\DeployPaymentsDue\sql\dml\10 PeriodEnd.PaymentsDue.PreRun.Staging.ApprenticeshipEarningsRequiringPayments.sql
		PeriodEnd\PaymentsDue\DeployPaymentsDue\sql\dml\11 PeriodEnd.PaymentsDue.PreRun.Staging.ApprenticeshipEarnings.sql = PeriodEnd\PaymentsDue\DeployPaymentsDue\sql\dml\11 PeriodEnd.PaymentsDue.PreRun.Staging.ApprenticeshipEarnings.sql
		PeriodEnd\PaymentsDue\DeployPaymentsDue\sql\dml\12 PeriodEnd.PaymentsDue.PreRun.Staging.ApprenticeshipEarnings1.sql = PeriodEnd\PaymentsDue\DeployPaymentsDue\sql\dml\12 PeriodEnd.PaymentsDue.PreRun.Staging.ApprenticeshipEarnings1.sql
		PeriodEnd\PaymentsDue\DeployPaymentsDue\sql\dml\13 PeriodEnd.PaymentsDue.PreRun.Staging.ApprenticeshipEarnings2.sql = PeriodEnd\PaymentsDue\DeployPaymentsDue\sql\dml\13 PeriodEnd.PaymentsDue.PreRun.Staging.ApprenticeshipEarnings2.sql
		PeriodEnd\PaymentsDue\DeployPaymentsDue\sql\dml\14 PeriodEnd.PaymentsDue.PreRun.Staging.ApprenticeshipEarnings3.sql = PeriodEnd\PaymentsDue\DeployPaymentsDue\sql\dml\14 PeriodEnd.PaymentsDue.PreRun.Staging.ApprenticeshipEarnings3.sql
		PeriodEnd\PaymentsDue\DeployPaymentsDue\sql\dml\15 PeriodEnd.PaymentsDue.PreRun.Staging.PopulateEarningsWithoutPayments.sql = PeriodEnd\PaymentsDue\DeployPaymentsDue\sql\dml\15 PeriodEnd.PaymentsDue.PreRun.Staging.PopulateEarningsWithoutPayments.sql
		PeriodEnd\PaymentsDue\DeployPaymentsDue\sql\dml\PeriodEnd.PaymentsDue.Cleanup.Deds.DML.sql = PeriodEnd\PaymentsDue\DeployPaymentsDue\sql\dml\PeriodEnd.PaymentsDue.Cleanup.Deds.DML.sql
	EndProjectSection
EndProject
Project("{2150E333-8FDC-42A3-9474-1A3956D46DE8}") = "Migration Scripts", "Migration Scripts", "{FA54BBF3-280A-495D-BF4E-30F742309858}"
	ProjectSection(SolutionItems) = preProject
		PeriodEnd\PaymentsDue\DeployPaymentsDue\sql\MigrationScripts\1_PeriodEnd.Deds.PaymentsDue.Change_CommitmentVersionId_Type.sql = PeriodEnd\PaymentsDue\DeployPaymentsDue\sql\MigrationScripts\1_PeriodEnd.Deds.PaymentsDue.Change_CommitmentVersionId_Type.sql
		PeriodEnd\PaymentsDue\DeployPaymentsDue\sql\MigrationScripts\2_PeriodEnd.Deds.PaymentsDue.Add_Columns.sql = PeriodEnd\PaymentsDue\DeployPaymentsDue\sql\MigrationScripts\2_PeriodEnd.Deds.PaymentsDue.Add_Columns.sql
		PeriodEnd\PaymentsDue\DeployPaymentsDue\sql\MigrationScripts\3_PeriodEnd.Deds.PaymentsDue_Update_data_aimRef_startdate.sql = PeriodEnd\PaymentsDue\DeployPaymentsDue\sql\MigrationScripts\3_PeriodEnd.Deds.PaymentsDue_Update_data_aimRef_startdate.sql
		PeriodEnd\PaymentsDue\DeployPaymentsDue\sql\MigrationScripts\4_PeriodEnd.Deds.PaymentsDue_FundingLienType_varchar100.sql = PeriodEnd\PaymentsDue\DeployPaymentsDue\sql\MigrationScripts\4_PeriodEnd.Deds.PaymentsDue_FundingLienType_varchar100.sql
	EndProjectSection
EndProject
Project("{2150E333-8FDC-42A3-9474-1A3956D46DE8}") = "Copy Mappings", "Copy Mappings", "{84CAD59F-0BC2-4573-9547-4F7D54040402}"
	ProjectSection(SolutionItems) = preProject
		PeriodEnd\ProviderAdjustments\DeployProviderAdjustments\copy mappings\DasProviderAdjustmentsCopyToDedsMapping.xml = PeriodEnd\ProviderAdjustments\DeployProviderAdjustments\copy mappings\DasProviderAdjustmentsCopyToDedsMapping.xml
	EndProjectSection
EndProject
Project("{2150E333-8FDC-42A3-9474-1A3956D46DE8}") = "Sql", "Sql", "{91439C4C-CC2D-4F10-9D51-595F4FF288D0}"
EndProject
Project("{2150E333-8FDC-42A3-9474-1A3956D46DE8}") = "DDL", "DDL", "{67250CFF-8116-480C-85DF-7A1F258FE988}"
	ProjectSection(SolutionItems) = preProject
		PeriodEnd\ProviderAdjustments\DeployProviderAdjustments\sql\ddl\PeriodEnd.Deds.ProviderAdjustments.ddl.tables.sql = PeriodEnd\ProviderAdjustments\DeployProviderAdjustments\sql\ddl\PeriodEnd.Deds.ProviderAdjustments.ddl.tables.sql
		PeriodEnd\ProviderAdjustments\DeployProviderAdjustments\sql\ddl\PeriodEnd.Transient.ProviderAdjustments.ddl.tables.sql = PeriodEnd\ProviderAdjustments\DeployProviderAdjustments\sql\ddl\PeriodEnd.Transient.ProviderAdjustments.ddl.tables.sql
		PeriodEnd\ProviderAdjustments\DeployProviderAdjustments\sql\ddl\PeriodEnd.Transient.ProviderAdjustments.ddl.views.sql = PeriodEnd\ProviderAdjustments\DeployProviderAdjustments\sql\ddl\PeriodEnd.Transient.ProviderAdjustments.ddl.views.sql
		PeriodEnd\ProviderAdjustments\DeployProviderAdjustments\sql\ddl\PeriodEnd.Transient.ProviderAdjustments.Reference.ddl.tables.sql = PeriodEnd\ProviderAdjustments\DeployProviderAdjustments\sql\ddl\PeriodEnd.Transient.ProviderAdjustments.Reference.ddl.tables.sql
		PeriodEnd\ProviderAdjustments\DeployProviderAdjustments\sql\ddl\PeriodEnd.Transient.Reference.CollectionPeriods.ddl.tables.sql = PeriodEnd\ProviderAdjustments\DeployProviderAdjustments\sql\ddl\PeriodEnd.Transient.Reference.CollectionPeriods.ddl.tables.sql
	EndProjectSection
EndProject
Project("{2150E333-8FDC-42A3-9474-1A3956D46DE8}") = "DML", "DML", "{124187AA-CB8A-499F-86AE-049FCF95DD42}"
	ProjectSection(SolutionItems) = preProject
		PeriodEnd\ProviderAdjustments\DeployProviderAdjustments\sql\dml\01 PeriodEnd.Populate.Reference.CollectionPeriods.dml.sql = PeriodEnd\ProviderAdjustments\DeployProviderAdjustments\sql\dml\01 PeriodEnd.Populate.Reference.CollectionPeriods.dml.sql
		PeriodEnd\ProviderAdjustments\DeployProviderAdjustments\sql\dml\02 PeriodEnd.Cleanup.Deds.DML.sql = PeriodEnd\ProviderAdjustments\DeployProviderAdjustments\sql\dml\02 PeriodEnd.Cleanup.Deds.DML.sql
		PeriodEnd\ProviderAdjustments\DeployProviderAdjustments\sql\dml\05 PeriodEnd.ProviderAdjustments.Populate.Reference.Providers.dml.sql = PeriodEnd\ProviderAdjustments\DeployProviderAdjustments\sql\dml\05 PeriodEnd.ProviderAdjustments.Populate.Reference.Providers.dml.sql
		PeriodEnd\ProviderAdjustments\DeployProviderAdjustments\sql\dml\06 PeriodEnd.ProviderAdjustments.Populate.Reference.Current.dml.sql = PeriodEnd\ProviderAdjustments\DeployProviderAdjustments\sql\dml\06 PeriodEnd.ProviderAdjustments.Populate.Reference.Current.dml.sql
		PeriodEnd\ProviderAdjustments\DeployProviderAdjustments\sql\dml\07 PeriodEnd.ProviderAdjustments.Populate.Reference.History.dml.sql = PeriodEnd\ProviderAdjustments\DeployProviderAdjustments\sql\dml\07 PeriodEnd.ProviderAdjustments.Populate.Reference.History.dml.sql
	EndProjectSection
EndProject
Project("{2150E333-8FDC-42A3-9474-1A3956D46DE8}") = "Period End", "Period End", "{5C29E856-81C8-47CC-A5CB-DADA36EF9DED}"
EndProject
Project("{2150E333-8FDC-42A3-9474-1A3956D46DE8}") = "Ilr Submission", "Ilr Submission", "{0E9D5F26-B91D-40C7-96C2-4B10986C3263}"
EndProject
Project("{2150E333-8FDC-42A3-9474-1A3956D46DE8}") = "Shared Pipeline Components", "Shared Pipeline Components", "{A4346455-A577-4205-961C-3F0D23D2B8B5}"
EndProject
Project("{2150E333-8FDC-42A3-9474-1A3956D46DE8}") = "Reference", "Reference", "{7C7E47A5-4F29-4AB8-A990-D79D42FBB088}"
EndProject
Project("{2150E333-8FDC-42A3-9474-1A3956D46DE8}") = "Accounts", "Accounts", "{09FC1E26-2B0F-409E-A00C-1B4CA71F9EA9}"
EndProject
Project("{2150E333-8FDC-42A3-9474-1A3956D46DE8}") = "Commitements", "Commitements", "{05FDF2FF-44D2-459B-ACFF-F5B411164BD1}"
EndProject
Project("{2150E333-8FDC-42A3-9474-1A3956D46DE8}") = "Copy Mappings", "Copy Mappings", "{8641ACF9-FFD1-4399-A79B-1815BF23A84C}"
	ProjectSection(SolutionItems) = preProject
		Reference\Accounts\Deploy\copy mappings\DasAccountsCopyToDedsMapping.xml = Reference\Accounts\Deploy\copy mappings\DasAccountsCopyToDedsMapping.xml
		Reference\Accounts\Deploy\copy mappings\DasAccountsCopyToTransientMapping.xml = Reference\Accounts\Deploy\copy mappings\DasAccountsCopyToTransientMapping.xml
	EndProjectSection
EndProject
Project("{2150E333-8FDC-42A3-9474-1A3956D46DE8}") = "Sql", "Sql", "{45570736-AB41-4FDD-8753-BAE2B62D1829}"
EndProject
Project("{2150E333-8FDC-42A3-9474-1A3956D46DE8}") = "DDL", "DDL", "{E760AA10-7E33-40D8-BCA9-D7310B7BA191}"
	ProjectSection(SolutionItems) = preProject
		Reference\Accounts\Deploy\sql\ddl\ddl.deds.accounts.procs.sql = Reference\Accounts\Deploy\sql\ddl\ddl.deds.accounts.procs.sql
		Reference\Accounts\Deploy\sql\ddl\ddl.deds.accounts.tables.sql = Reference\Accounts\Deploy\sql\ddl\ddl.deds.accounts.tables.sql
		Reference\Accounts\Deploy\sql\ddl\ddl.transient.accounts.tables.sql = Reference\Accounts\Deploy\sql\ddl\ddl.transient.accounts.tables.sql
	EndProjectSection
EndProject
Project("{2150E333-8FDC-42A3-9474-1A3956D46DE8}") = "DML", "DML", "{EEC239F7-47E8-4945-BE0D-990B66C0A377}"
	ProjectSection(SolutionItems) = preProject
		Reference\Accounts\Deploy\sql\dml\dml.accounts.cleanup.deds.sql = Reference\Accounts\Deploy\sql\dml\dml.accounts.cleanup.deds.sql
	EndProjectSection
EndProject
Project("{2150E333-8FDC-42A3-9474-1A3956D46DE8}") = "Copy Mappings", "Copy Mappings", "{51C063CE-2319-4BC7-84A9-9A438621569B}"
	ProjectSection(SolutionItems) = preProject
		Reference\Commitments\Deploy\copy mappings\DasCommitmentsCopyToDedsMapping.xml = Reference\Commitments\Deploy\copy mappings\DasCommitmentsCopyToDedsMapping.xml
		Reference\Commitments\Deploy\copy mappings\DasCommitmentsCopyToTransientMapping.xml = Reference\Commitments\Deploy\copy mappings\DasCommitmentsCopyToTransientMapping.xml
	EndProjectSection
EndProject
Project("{2150E333-8FDC-42A3-9474-1A3956D46DE8}") = "Sql", "Sql", "{47A833CA-10CB-4905-9B14-837B3F8EA4C3}"
EndProject
Project("{2150E333-8FDC-42A3-9474-1A3956D46DE8}") = "DDL", "DDL", "{1F5F4D8B-4CB3-4EEA-95CD-BF0924175F52}"
	ProjectSection(SolutionItems) = preProject
		Reference\Commitments\Deploy\sql\ddl\ddl.deds.commitments.tables.sql = Reference\Commitments\Deploy\sql\ddl\ddl.deds.commitments.tables.sql
		Reference\Commitments\Deploy\sql\ddl\ddl.deds.commitments.views.sql = Reference\Commitments\Deploy\sql\ddl\ddl.deds.commitments.views.sql
		Reference\Commitments\Deploy\sql\ddl\ddl.transient.commitments.tables.sql = Reference\Commitments\Deploy\sql\ddl\ddl.transient.commitments.tables.sql
		Reference\Commitments\Deploy\sql\ddl\ddl.transient.commitments.views.sql = Reference\Commitments\Deploy\sql\ddl\ddl.transient.commitments.views.sql
	EndProjectSection
EndProject
Project("{2150E333-8FDC-42A3-9474-1A3956D46DE8}") = "DML", "DML", "{9573A0CF-6EEA-4312-AA03-CB45179FCBB8}"
	ProjectSection(SolutionItems) = preProject
		Reference\Commitments\Deploy\sql\dml\dml.commitments.cleanup.deds.sql = Reference\Commitments\Deploy\sql\dml\dml.commitments.cleanup.deds.sql
	EndProjectSection
EndProject
Project("{2150E333-8FDC-42A3-9474-1A3956D46DE8}") = "Migration Scripts", "Migration Scripts", "{EBD70F04-9E08-46DD-A968-3BFE8AF9BE34}"
	ProjectSection(SolutionItems) = preProject
		Reference\Commitments\Deploy\sql\MigrationScripts\001_ddl.deds.commitments.tables.change_versionId.sql = Reference\Commitments\Deploy\sql\MigrationScripts\001_ddl.deds.commitments.tables.change_versionId.sql
	EndProjectSection
EndProject
Project("{FAE04EC0-301F-11D3-BF4B-00C04F79EFBC}") = "SFA.DAS.Payments.Reference.Accounts", "Reference\Accounts\SFA.DAS.Payments.Reference.Accounts\SFA.DAS.Payments.Reference.Accounts.csproj", "{72CC7A74-AA3D-4C86-B9EB-ED92A4DAB1E3}"
EndProject
Project("{FAE04EC0-301F-11D3-BF4B-00C04F79EFBC}") = "SFA.DAS.Payments.Reference.Accounts.IntegrationTests", "Reference\Accounts\SFA.DAS.Payments.Reference.Accounts.IntegrationTests\SFA.DAS.Payments.Reference.Accounts.IntegrationTests.csproj", "{B7C05669-74DB-4F71-A052-1786333AAC8E}"
EndProject
Project("{FAE04EC0-301F-11D3-BF4B-00C04F79EFBC}") = "SFA.DAS.Payments.Reference.Accounts.UnitTests", "Reference\Accounts\SFA.DAS.Payments.Reference.Accounts.UnitTests\SFA.DAS.Payments.Reference.Accounts.UnitTests.csproj", "{CC14A821-4017-44BE-895F-55EAD0BC7C99}"
EndProject
Project("{FAE04EC0-301F-11D3-BF4B-00C04F79EFBC}") = "SFA.DAS.Payments.Reference.Commitments", "Reference\Commitments\SFA.DAS.Payments.Reference.Commitments\SFA.DAS.Payments.Reference.Commitments.csproj", "{BAE01073-3F46-44F0-AA20-86D091953329}"
EndProject
Project("{FAE04EC0-301F-11D3-BF4B-00C04F79EFBC}") = "SFA.DAS.Payments.Reference.Commitments.IntegrationTests", "Reference\Commitments\SFA.DAS.Payments.Reference.Commitments.IntegrationTests\SFA.DAS.Payments.Reference.Commitments.IntegrationTests.csproj", "{72A2649A-B114-4CA3-BB8A-D8A9B4BD7035}"
EndProject
Project("{FAE04EC0-301F-11D3-BF4B-00C04F79EFBC}") = "SFA.DAS.Payments.Reference.Commitments.UnitTests", "Reference\Commitments\SFA.DAS.Payments.Reference.Commitments.UnitTests\SFA.DAS.Payments.Reference.Commitments.UnitTests.csproj", "{E42DF4FE-9615-4B9A-9AA5-4ECEE1EB2B5E}"
EndProject
Project("{2150E333-8FDC-42A3-9474-1A3956D46DE8}") = "Copy Mappings", "Copy Mappings", "{660BF530-21D2-4766-8FC8-92E1587C8E5B}"
	ProjectSection(SolutionItems) = preProject
		OpaEarning\Build\Deploy\1718\copy mappings\DasEarningsCopyToDedsMapping.xml = OpaEarning\Build\Deploy\1718\copy mappings\DasEarningsCopyToDedsMapping.xml
	EndProjectSection
EndProject
Project("{2150E333-8FDC-42A3-9474-1A3956D46DE8}") = "Sql", "Sql", "{0E1C5336-9533-46EB-BAFA-6CF54E0E9B31}"
EndProject
Project("{2150E333-8FDC-42A3-9474-1A3956D46DE8}") = "DDL", "DDL", "{22ECAFFA-DD36-4D90-A0BA-91111AD21312}"
	ProjectSection(SolutionItems) = preProject
		OpaEarning\Build\Deploy\1718\sql\ddl\OPA.Deds.EearningsHistory.ddl.tables.sql = OpaEarning\Build\Deploy\1718\sql\ddl\OPA.Deds.EearningsHistory.ddl.tables.sql
		OpaEarning\Build\Deploy\1718\sql\ddl\OPA.Deds.Rulebase.ddl.tables.sql = OpaEarning\Build\Deploy\1718\sql\ddl\OPA.Deds.Rulebase.ddl.tables.sql
		OpaEarning\Build\Deploy\1718\sql\ddl\OPA.Deds.Valid.ddl.tables.sql = OpaEarning\Build\Deploy\1718\sql\ddl\OPA.Deds.Valid.ddl.tables.sql
		OpaEarning\Build\Deploy\1718\sql\ddl\OPA.Transient.Earnings.ddl.tables.sql = OpaEarning\Build\Deploy\1718\sql\ddl\OPA.Transient.Earnings.ddl.tables.sql
		OpaEarning\Build\Deploy\1718\sql\ddl\OPA.Transient.Input.ddl.tables.sql = OpaEarning\Build\Deploy\1718\sql\ddl\OPA.Transient.Input.ddl.tables.sql
		OpaEarning\Build\Deploy\1718\sql\ddl\OPA.Transient.Invalid.ddl.tables.sql = OpaEarning\Build\Deploy\1718\sql\ddl\OPA.Transient.Invalid.ddl.tables.sql
		OpaEarning\Build\Deploy\1718\sql\ddl\OPA.Transient.Reference.ddl.tables.sql = OpaEarning\Build\Deploy\1718\sql\ddl\OPA.Transient.Reference.ddl.tables.sql
		OpaEarning\Build\Deploy\1718\sql\ddl\OPA.Transient.Rulebase.ddl.sprocs.sql = OpaEarning\Build\Deploy\1718\sql\ddl\OPA.Transient.Rulebase.ddl.sprocs.sql
		OpaEarning\Build\Deploy\1718\sql\ddl\OPA.Transient.Rulebase.ddl.tables.sql = OpaEarning\Build\Deploy\1718\sql\ddl\OPA.Transient.Rulebase.ddl.tables.sql
		OpaEarning\Build\Deploy\1718\sql\ddl\OPA.Transient.Rulebase.ddl.views.sql = OpaEarning\Build\Deploy\1718\sql\ddl\OPA.Transient.Rulebase.ddl.views.sql
		OpaEarning\Build\Deploy\1718\sql\ddl\OPA.Transient.Transform.ddl.procs.sql = OpaEarning\Build\Deploy\1718\sql\ddl\OPA.Transient.Transform.ddl.procs.sql
		OpaEarning\Build\Deploy\1718\sql\ddl\OPA.Transient.Valid.ddl.tables.sql = OpaEarning\Build\Deploy\1718\sql\ddl\OPA.Transient.Valid.ddl.tables.sql
		OpaEarning\Build\Deploy\1718\sql\ddl\OPA.Transient.Valid.ddl.views.sql = OpaEarning\Build\Deploy\1718\sql\ddl\OPA.Transient.Valid.ddl.views.sql
		OpaEarning\Build\Deploy\1718\sql\ddl\OPA.Transient.ValidLearnerDestinationandProgressions.ddl.views.sql = OpaEarning\Build\Deploy\1718\sql\ddl\OPA.Transient.ValidLearnerDestinationandProgressions.ddl.views.sql
	EndProjectSection
EndProject
Project("{2150E333-8FDC-42A3-9474-1A3956D46DE8}") = "DML", "DML", "{152D9690-408E-4418-A7EA-A2C1A1DA147D}"
	ProjectSection(SolutionItems) = preProject
		OpaEarning\Build\Deploy\1718\sql\dml\01 Ilr.Transient.OPA.Populate.Reference.dml.sql = OpaEarning\Build\Deploy\1718\sql\dml\01 Ilr.Transient.OPA.Populate.Reference.dml.sql
		OpaEarning\Build\Deploy\1718\sql\dml\02 Ilr.Transient.OPA.Transform.InputToValid.dml.sql = OpaEarning\Build\Deploy\1718\sql\dml\02 Ilr.Transient.OPA.Transform.InputToValid.dml.sql
		OpaEarning\Build\Deploy\1718\sql\dml\Ilr.Earnings.Cleanup.Deds.DML.sql = OpaEarning\Build\Deploy\1718\sql\dml\Ilr.Earnings.Cleanup.Deds.DML.sql
	EndProjectSection
EndProject
Project("{2150E333-8FDC-42A3-9474-1A3956D46DE8}") = "1718", "1718", "{114F88B7-61B5-4268-B3AE-9C23D67E8438}"
EndProject
Project("{FAE04EC0-301F-11D3-BF4B-00C04F79EFBC}") = "RunOpaEarningsCalculatorTask", "OpaEarning\Build\RunOpaEarningsCalculatorTask\RunOpaEarningsCalculatorTask.csproj", "{CD0EA7DC-3F40-44E4-BEF6-2642B8033018}"
EndProject
Project("{FAE04EC0-301F-11D3-BF4B-00C04F79EFBC}") = "SFA.DAS.CollectionEarnings.Calculator", "OpaEarning\Build\SFA.DAS.CollectionEarnings.Calculator\SFA.DAS.CollectionEarnings.Calculator.csproj", "{49D934F3-2120-4268-8143-C3C85EF85BA7}"
EndProject
Global
	GlobalSection(SolutionConfigurationPlatforms) = preSolution
		Debug|Any CPU = Debug|Any CPU
		Release|Any CPU = Release|Any CPU
	EndGlobalSection
	GlobalSection(ProjectConfigurationPlatforms) = postSolution
		{E8AED497-09E3-417F-89F8-5A45BBADD08F}.Debug|Any CPU.ActiveCfg = Debug|Any CPU
		{E8AED497-09E3-417F-89F8-5A45BBADD08F}.Debug|Any CPU.Build.0 = Debug|Any CPU
		{E8AED497-09E3-417F-89F8-5A45BBADD08F}.Release|Any CPU.ActiveCfg = Release|Any CPU
		{E8AED497-09E3-417F-89F8-5A45BBADD08F}.Release|Any CPU.Build.0 = Release|Any CPU
		{6C00CE90-9AC7-48DF-B15D-20F312B8F9E4}.Debug|Any CPU.ActiveCfg = Debug|Any CPU
		{6C00CE90-9AC7-48DF-B15D-20F312B8F9E4}.Debug|Any CPU.Build.0 = Debug|Any CPU
		{6C00CE90-9AC7-48DF-B15D-20F312B8F9E4}.Release|Any CPU.ActiveCfg = Release|Any CPU
		{6C00CE90-9AC7-48DF-B15D-20F312B8F9E4}.Release|Any CPU.Build.0 = Release|Any CPU
		{51C3F2CE-8E30-4DAA-9EDB-5BF7B779C749}.Debug|Any CPU.ActiveCfg = Debug|Any CPU
		{51C3F2CE-8E30-4DAA-9EDB-5BF7B779C749}.Debug|Any CPU.Build.0 = Debug|Any CPU
		{51C3F2CE-8E30-4DAA-9EDB-5BF7B779C749}.Release|Any CPU.ActiveCfg = Release|Any CPU
		{51C3F2CE-8E30-4DAA-9EDB-5BF7B779C749}.Release|Any CPU.Build.0 = Release|Any CPU
		{55F542EF-79F6-40C1-A4E1-6D1511D4F633}.Debug|Any CPU.ActiveCfg = Debug|Any CPU
		{55F542EF-79F6-40C1-A4E1-6D1511D4F633}.Debug|Any CPU.Build.0 = Debug|Any CPU
		{55F542EF-79F6-40C1-A4E1-6D1511D4F633}.Release|Any CPU.ActiveCfg = Release|Any CPU
		{55F542EF-79F6-40C1-A4E1-6D1511D4F633}.Release|Any CPU.Build.0 = Release|Any CPU
		{7ABB3F07-330C-4A91-8BFC-14A88D904C02}.Debug|Any CPU.ActiveCfg = Debug|Any CPU
		{7ABB3F07-330C-4A91-8BFC-14A88D904C02}.Debug|Any CPU.Build.0 = Debug|Any CPU
		{7ABB3F07-330C-4A91-8BFC-14A88D904C02}.Release|Any CPU.ActiveCfg = Release|Any CPU
		{7ABB3F07-330C-4A91-8BFC-14A88D904C02}.Release|Any CPU.Build.0 = Release|Any CPU
		{C2E9CFF9-5616-48B7-9DB4-B25F787DD93D}.Debug|Any CPU.ActiveCfg = Debug|Any CPU
		{C2E9CFF9-5616-48B7-9DB4-B25F787DD93D}.Debug|Any CPU.Build.0 = Debug|Any CPU
		{C2E9CFF9-5616-48B7-9DB4-B25F787DD93D}.Release|Any CPU.ActiveCfg = Release|Any CPU
		{C2E9CFF9-5616-48B7-9DB4-B25F787DD93D}.Release|Any CPU.Build.0 = Release|Any CPU
		{D2948742-339F-4D56-8C40-437A0AE79027}.Debug|Any CPU.ActiveCfg = Debug|Any CPU
		{D2948742-339F-4D56-8C40-437A0AE79027}.Debug|Any CPU.Build.0 = Debug|Any CPU
		{D2948742-339F-4D56-8C40-437A0AE79027}.Release|Any CPU.ActiveCfg = Release|Any CPU
		{D2948742-339F-4D56-8C40-437A0AE79027}.Release|Any CPU.Build.0 = Release|Any CPU
		{0DCE1F04-E87E-4CA7-9AE5-0A1500814B7F}.Debug|Any CPU.ActiveCfg = Debug|Any CPU
		{0DCE1F04-E87E-4CA7-9AE5-0A1500814B7F}.Debug|Any CPU.Build.0 = Debug|Any CPU
		{0DCE1F04-E87E-4CA7-9AE5-0A1500814B7F}.Release|Any CPU.ActiveCfg = Release|Any CPU
		{0DCE1F04-E87E-4CA7-9AE5-0A1500814B7F}.Release|Any CPU.Build.0 = Release|Any CPU
		{E0B60D5B-969C-4C05-A636-27788CD19BE0}.Debug|Any CPU.ActiveCfg = Debug|Any CPU
		{E0B60D5B-969C-4C05-A636-27788CD19BE0}.Debug|Any CPU.Build.0 = Debug|Any CPU
		{E0B60D5B-969C-4C05-A636-27788CD19BE0}.Release|Any CPU.ActiveCfg = Release|Any CPU
		{E0B60D5B-969C-4C05-A636-27788CD19BE0}.Release|Any CPU.Build.0 = Release|Any CPU
		{79593EF5-9F58-4E91-BE67-C5D20EE0DBC0}.Debug|Any CPU.ActiveCfg = Debug|Any CPU
		{79593EF5-9F58-4E91-BE67-C5D20EE0DBC0}.Debug|Any CPU.Build.0 = Debug|Any CPU
		{79593EF5-9F58-4E91-BE67-C5D20EE0DBC0}.Release|Any CPU.ActiveCfg = Release|Any CPU
		{79593EF5-9F58-4E91-BE67-C5D20EE0DBC0}.Release|Any CPU.Build.0 = Release|Any CPU
		{FA1F038D-F0A5-4A3E-A642-62D294E5521D}.Debug|Any CPU.ActiveCfg = Debug|Any CPU
		{FA1F038D-F0A5-4A3E-A642-62D294E5521D}.Debug|Any CPU.Build.0 = Debug|Any CPU
		{FA1F038D-F0A5-4A3E-A642-62D294E5521D}.Release|Any CPU.ActiveCfg = Release|Any CPU
		{FA1F038D-F0A5-4A3E-A642-62D294E5521D}.Release|Any CPU.Build.0 = Release|Any CPU
		{2A595E5F-955C-4B4A-B99F-36F6F4E7D076}.Debug|Any CPU.ActiveCfg = Debug|Any CPU
		{2A595E5F-955C-4B4A-B99F-36F6F4E7D076}.Debug|Any CPU.Build.0 = Debug|Any CPU
		{2A595E5F-955C-4B4A-B99F-36F6F4E7D076}.Release|Any CPU.ActiveCfg = Release|Any CPU
		{2A595E5F-955C-4B4A-B99F-36F6F4E7D076}.Release|Any CPU.Build.0 = Release|Any CPU
		{5011105D-1ED2-4682-A53E-61CF8A2FF902}.Debug|Any CPU.ActiveCfg = Debug|Any CPU
		{5011105D-1ED2-4682-A53E-61CF8A2FF902}.Debug|Any CPU.Build.0 = Debug|Any CPU
		{5011105D-1ED2-4682-A53E-61CF8A2FF902}.Release|Any CPU.ActiveCfg = Release|Any CPU
		{5011105D-1ED2-4682-A53E-61CF8A2FF902}.Release|Any CPU.Build.0 = Release|Any CPU
		{CA3748B0-C749-444A-BC59-1F03A10436C7}.Debug|Any CPU.ActiveCfg = Debug|Any CPU
		{CA3748B0-C749-444A-BC59-1F03A10436C7}.Debug|Any CPU.Build.0 = Debug|Any CPU
		{CA3748B0-C749-444A-BC59-1F03A10436C7}.Release|Any CPU.ActiveCfg = Release|Any CPU
		{CA3748B0-C749-444A-BC59-1F03A10436C7}.Release|Any CPU.Build.0 = Release|Any CPU
		{B4348331-0B49-49A3-B6CC-DE7A9A19A8E3}.Debug|Any CPU.ActiveCfg = Debug|Any CPU
		{B4348331-0B49-49A3-B6CC-DE7A9A19A8E3}.Debug|Any CPU.Build.0 = Debug|Any CPU
		{B4348331-0B49-49A3-B6CC-DE7A9A19A8E3}.Release|Any CPU.ActiveCfg = Release|Any CPU
		{B4348331-0B49-49A3-B6CC-DE7A9A19A8E3}.Release|Any CPU.Build.0 = Release|Any CPU
		{08D3D28B-B618-4346-8515-E93B23BC04D6}.Debug|Any CPU.ActiveCfg = Debug|Any CPU
		{08D3D28B-B618-4346-8515-E93B23BC04D6}.Debug|Any CPU.Build.0 = Debug|Any CPU
		{08D3D28B-B618-4346-8515-E93B23BC04D6}.Release|Any CPU.ActiveCfg = Release|Any CPU
		{08D3D28B-B618-4346-8515-E93B23BC04D6}.Release|Any CPU.Build.0 = Release|Any CPU
		{9CFB966B-5096-4BB0-A29A-2559241A66BC}.Debug|Any CPU.ActiveCfg = Debug|Any CPU
		{9CFB966B-5096-4BB0-A29A-2559241A66BC}.Debug|Any CPU.Build.0 = Debug|Any CPU
		{9CFB966B-5096-4BB0-A29A-2559241A66BC}.Release|Any CPU.ActiveCfg = Release|Any CPU
		{9CFB966B-5096-4BB0-A29A-2559241A66BC}.Release|Any CPU.Build.0 = Release|Any CPU
		{204D62A1-5276-489A-9600-B51BA87BE57F}.Debug|Any CPU.ActiveCfg = Debug|Any CPU
		{204D62A1-5276-489A-9600-B51BA87BE57F}.Debug|Any CPU.Build.0 = Debug|Any CPU
		{204D62A1-5276-489A-9600-B51BA87BE57F}.Release|Any CPU.ActiveCfg = Release|Any CPU
		{204D62A1-5276-489A-9600-B51BA87BE57F}.Release|Any CPU.Build.0 = Release|Any CPU
		{08781448-554A-4E73-B7E2-15B926230994}.Debug|Any CPU.ActiveCfg = Debug|Any CPU
		{08781448-554A-4E73-B7E2-15B926230994}.Debug|Any CPU.Build.0 = Debug|Any CPU
		{08781448-554A-4E73-B7E2-15B926230994}.Release|Any CPU.ActiveCfg = Release|Any CPU
		{08781448-554A-4E73-B7E2-15B926230994}.Release|Any CPU.Build.0 = Release|Any CPU
		{7EA464EC-6EDA-45D9-BE48-47E8AFDAA853}.Debug|Any CPU.ActiveCfg = Debug|Any CPU
		{7EA464EC-6EDA-45D9-BE48-47E8AFDAA853}.Debug|Any CPU.Build.0 = Debug|Any CPU
		{7EA464EC-6EDA-45D9-BE48-47E8AFDAA853}.Release|Any CPU.ActiveCfg = Release|Any CPU
		{7EA464EC-6EDA-45D9-BE48-47E8AFDAA853}.Release|Any CPU.Build.0 = Release|Any CPU
		{A647DC37-1361-41C1-AB16-C00F6543AC2F}.Debug|Any CPU.ActiveCfg = Debug|Any CPU
		{A647DC37-1361-41C1-AB16-C00F6543AC2F}.Debug|Any CPU.Build.0 = Debug|Any CPU
		{A647DC37-1361-41C1-AB16-C00F6543AC2F}.Release|Any CPU.ActiveCfg = Release|Any CPU
		{A647DC37-1361-41C1-AB16-C00F6543AC2F}.Release|Any CPU.Build.0 = Release|Any CPU
		{392DCE5D-D574-4BDA-A50D-65E8B4E1B4B3}.Debug|Any CPU.ActiveCfg = Debug|Any CPU
		{392DCE5D-D574-4BDA-A50D-65E8B4E1B4B3}.Debug|Any CPU.Build.0 = Debug|Any CPU
		{392DCE5D-D574-4BDA-A50D-65E8B4E1B4B3}.Release|Any CPU.ActiveCfg = Release|Any CPU
		{392DCE5D-D574-4BDA-A50D-65E8B4E1B4B3}.Release|Any CPU.Build.0 = Release|Any CPU
		{A0ED5AC8-2E8D-4F37-951C-66F9B128E79A}.Debug|Any CPU.ActiveCfg = Debug|Any CPU
		{A0ED5AC8-2E8D-4F37-951C-66F9B128E79A}.Debug|Any CPU.Build.0 = Debug|Any CPU
		{A0ED5AC8-2E8D-4F37-951C-66F9B128E79A}.Release|Any CPU.ActiveCfg = Release|Any CPU
		{A0ED5AC8-2E8D-4F37-951C-66F9B128E79A}.Release|Any CPU.Build.0 = Release|Any CPU
		{2EFC4146-CCA9-4B3F-8921-76EC2B5B4C68}.Debug|Any CPU.ActiveCfg = Debug|Any CPU
		{2EFC4146-CCA9-4B3F-8921-76EC2B5B4C68}.Debug|Any CPU.Build.0 = Debug|Any CPU
		{2EFC4146-CCA9-4B3F-8921-76EC2B5B4C68}.Release|Any CPU.ActiveCfg = Release|Any CPU
		{2EFC4146-CCA9-4B3F-8921-76EC2B5B4C68}.Release|Any CPU.Build.0 = Release|Any CPU
		{DD3BB96D-6257-4EF6-A804-282DEA31A1DC}.Debug|Any CPU.ActiveCfg = Debug|Any CPU
		{DD3BB96D-6257-4EF6-A804-282DEA31A1DC}.Debug|Any CPU.Build.0 = Debug|Any CPU
		{DD3BB96D-6257-4EF6-A804-282DEA31A1DC}.Release|Any CPU.ActiveCfg = Release|Any CPU
		{DD3BB96D-6257-4EF6-A804-282DEA31A1DC}.Release|Any CPU.Build.0 = Release|Any CPU
		{13240C68-1925-4DC2-B975-00691DC524F8}.Debug|Any CPU.ActiveCfg = Debug|Any CPU
		{13240C68-1925-4DC2-B975-00691DC524F8}.Debug|Any CPU.Build.0 = Debug|Any CPU
		{13240C68-1925-4DC2-B975-00691DC524F8}.Release|Any CPU.ActiveCfg = Release|Any CPU
		{13240C68-1925-4DC2-B975-00691DC524F8}.Release|Any CPU.Build.0 = Release|Any CPU
		{1560F0F3-8074-4225-8367-1F4E4D8F50B1}.Debug|Any CPU.ActiveCfg = Debug|Any CPU
		{1560F0F3-8074-4225-8367-1F4E4D8F50B1}.Debug|Any CPU.Build.0 = Debug|Any CPU
		{1560F0F3-8074-4225-8367-1F4E4D8F50B1}.Release|Any CPU.ActiveCfg = Release|Any CPU
		{1560F0F3-8074-4225-8367-1F4E4D8F50B1}.Release|Any CPU.Build.0 = Release|Any CPU
		{E2A1EA29-FA08-4DEE-B894-0B51376A546E}.Debug|Any CPU.ActiveCfg = Debug|Any CPU
		{E2A1EA29-FA08-4DEE-B894-0B51376A546E}.Debug|Any CPU.Build.0 = Debug|Any CPU
		{E2A1EA29-FA08-4DEE-B894-0B51376A546E}.Release|Any CPU.ActiveCfg = Release|Any CPU
		{E2A1EA29-FA08-4DEE-B894-0B51376A546E}.Release|Any CPU.Build.0 = Release|Any CPU
		{CEC69F7C-7A69-4EBD-9AF3-5A225B938A71}.Debug|Any CPU.ActiveCfg = Debug|Any CPU
		{CEC69F7C-7A69-4EBD-9AF3-5A225B938A71}.Debug|Any CPU.Build.0 = Debug|Any CPU
		{CEC69F7C-7A69-4EBD-9AF3-5A225B938A71}.Release|Any CPU.ActiveCfg = Release|Any CPU
		{CEC69F7C-7A69-4EBD-9AF3-5A225B938A71}.Release|Any CPU.Build.0 = Release|Any CPU
		{72CC7A74-AA3D-4C86-B9EB-ED92A4DAB1E3}.Debug|Any CPU.ActiveCfg = Debug|Any CPU
		{72CC7A74-AA3D-4C86-B9EB-ED92A4DAB1E3}.Debug|Any CPU.Build.0 = Debug|Any CPU
		{72CC7A74-AA3D-4C86-B9EB-ED92A4DAB1E3}.Release|Any CPU.ActiveCfg = Release|Any CPU
		{72CC7A74-AA3D-4C86-B9EB-ED92A4DAB1E3}.Release|Any CPU.Build.0 = Release|Any CPU
		{B7C05669-74DB-4F71-A052-1786333AAC8E}.Debug|Any CPU.ActiveCfg = Debug|Any CPU
		{B7C05669-74DB-4F71-A052-1786333AAC8E}.Debug|Any CPU.Build.0 = Debug|Any CPU
		{B7C05669-74DB-4F71-A052-1786333AAC8E}.Release|Any CPU.ActiveCfg = Release|Any CPU
		{B7C05669-74DB-4F71-A052-1786333AAC8E}.Release|Any CPU.Build.0 = Release|Any CPU
		{CC14A821-4017-44BE-895F-55EAD0BC7C99}.Debug|Any CPU.ActiveCfg = Debug|Any CPU
		{CC14A821-4017-44BE-895F-55EAD0BC7C99}.Debug|Any CPU.Build.0 = Debug|Any CPU
		{CC14A821-4017-44BE-895F-55EAD0BC7C99}.Release|Any CPU.ActiveCfg = Release|Any CPU
		{CC14A821-4017-44BE-895F-55EAD0BC7C99}.Release|Any CPU.Build.0 = Release|Any CPU
		{BAE01073-3F46-44F0-AA20-86D091953329}.Debug|Any CPU.ActiveCfg = Debug|Any CPU
		{BAE01073-3F46-44F0-AA20-86D091953329}.Debug|Any CPU.Build.0 = Debug|Any CPU
		{BAE01073-3F46-44F0-AA20-86D091953329}.Release|Any CPU.ActiveCfg = Release|Any CPU
		{BAE01073-3F46-44F0-AA20-86D091953329}.Release|Any CPU.Build.0 = Release|Any CPU
		{72A2649A-B114-4CA3-BB8A-D8A9B4BD7035}.Debug|Any CPU.ActiveCfg = Debug|Any CPU
		{72A2649A-B114-4CA3-BB8A-D8A9B4BD7035}.Debug|Any CPU.Build.0 = Debug|Any CPU
		{72A2649A-B114-4CA3-BB8A-D8A9B4BD7035}.Release|Any CPU.ActiveCfg = Release|Any CPU
		{72A2649A-B114-4CA3-BB8A-D8A9B4BD7035}.Release|Any CPU.Build.0 = Release|Any CPU
		{E42DF4FE-9615-4B9A-9AA5-4ECEE1EB2B5E}.Debug|Any CPU.ActiveCfg = Debug|Any CPU
		{E42DF4FE-9615-4B9A-9AA5-4ECEE1EB2B5E}.Debug|Any CPU.Build.0 = Debug|Any CPU
		{E42DF4FE-9615-4B9A-9AA5-4ECEE1EB2B5E}.Release|Any CPU.ActiveCfg = Release|Any CPU
		{E42DF4FE-9615-4B9A-9AA5-4ECEE1EB2B5E}.Release|Any CPU.Build.0 = Release|Any CPU
		{CD0EA7DC-3F40-44E4-BEF6-2642B8033018}.Debug|Any CPU.ActiveCfg = Debug|Any CPU
		{CD0EA7DC-3F40-44E4-BEF6-2642B8033018}.Debug|Any CPU.Build.0 = Debug|Any CPU
		{CD0EA7DC-3F40-44E4-BEF6-2642B8033018}.Release|Any CPU.ActiveCfg = Release|Any CPU
		{CD0EA7DC-3F40-44E4-BEF6-2642B8033018}.Release|Any CPU.Build.0 = Release|Any CPU
		{49D934F3-2120-4268-8143-C3C85EF85BA7}.Debug|Any CPU.ActiveCfg = Debug|Any CPU
		{49D934F3-2120-4268-8143-C3C85EF85BA7}.Debug|Any CPU.Build.0 = Debug|Any CPU
		{49D934F3-2120-4268-8143-C3C85EF85BA7}.Release|Any CPU.ActiveCfg = Release|Any CPU
		{49D934F3-2120-4268-8143-C3C85EF85BA7}.Release|Any CPU.Build.0 = Release|Any CPU
	EndGlobalSection
	GlobalSection(SolutionProperties) = preSolution
		HideSolutionNode = FALSE
	EndGlobalSection
	GlobalSection(NestedProjects) = preSolution
		{5A408B2C-02FA-4245-9D4E-DBF01978CB0C} = {5C29E856-81C8-47CC-A5CB-DADA36EF9DED}
		{0DE86180-81EF-4DEA-9E89-E3E674BF48BF} = {5C29E856-81C8-47CC-A5CB-DADA36EF9DED}
		{6CF4F801-33C8-4476-88F9-C4F70E40E904} = {5C29E856-81C8-47CC-A5CB-DADA36EF9DED}
		{823207C9-0E35-476B-B98D-A5EB1B727D61} = {5C29E856-81C8-47CC-A5CB-DADA36EF9DED}
		{500BDFBA-7A32-4A91-89CA-D71298C44757} = {5C29E856-81C8-47CC-A5CB-DADA36EF9DED}
		{62399DFF-721A-420D-82EC-AFB2F6971914} = {5C29E856-81C8-47CC-A5CB-DADA36EF9DED}
		{E8AED497-09E3-417F-89F8-5A45BBADD08F} = {AF7848AE-3C39-4D22-9D28-7ED89E4A347D}
		{6C00CE90-9AC7-48DF-B15D-20F312B8F9E4} = {AF7848AE-3C39-4D22-9D28-7ED89E4A347D}
		{51C3F2CE-8E30-4DAA-9EDB-5BF7B779C749} = {AF7848AE-3C39-4D22-9D28-7ED89E4A347D}
		{55F542EF-79F6-40C1-A4E1-6D1511D4F633} = {AF7848AE-3C39-4D22-9D28-7ED89E4A347D}
		{7ABB3F07-330C-4A91-8BFC-14A88D904C02} = {AF7848AE-3C39-4D22-9D28-7ED89E4A347D}
		{C2E9CFF9-5616-48B7-9DB4-B25F787DD93D} = {5A408B2C-02FA-4245-9D4E-DBF01978CB0C}
		{D2948742-339F-4D56-8C40-437A0AE79027} = {5A408B2C-02FA-4245-9D4E-DBF01978CB0C}
		{0DCE1F04-E87E-4CA7-9AE5-0A1500814B7F} = {5A408B2C-02FA-4245-9D4E-DBF01978CB0C}
		{D14635FD-16FF-4100-A2EB-A1C34F8A212A} = {A4346455-A577-4205-961C-3F0D23D2B8B5}
		{13295A1A-EA50-4E46-9C7E-41B74030BEA8} = {A4346455-A577-4205-961C-3F0D23D2B8B5}
		{08DB0179-907B-4334-BC64-3150B345F3D5} = {0E9D5F26-B91D-40C7-96C2-4B10986C3263}
		{E0B60D5B-969C-4C05-A636-27788CD19BE0} = {D14635FD-16FF-4100-A2EB-A1C34F8A212A}
		{79593EF5-9F58-4E91-BE67-C5D20EE0DBC0} = {D14635FD-16FF-4100-A2EB-A1C34F8A212A}
		{FA1F038D-F0A5-4A3E-A642-62D294E5521D} = {13295A1A-EA50-4E46-9C7E-41B74030BEA8}
		{2A595E5F-955C-4B4A-B99F-36F6F4E7D076} = {13295A1A-EA50-4E46-9C7E-41B74030BEA8}
		{5011105D-1ED2-4682-A53E-61CF8A2FF902} = {13295A1A-EA50-4E46-9C7E-41B74030BEA8}
		{CA3748B0-C749-444A-BC59-1F03A10436C7} = {6CF4F801-33C8-4476-88F9-C4F70E40E904}
		{B4348331-0B49-49A3-B6CC-DE7A9A19A8E3} = {6CF4F801-33C8-4476-88F9-C4F70E40E904}
		{08D3D28B-B618-4346-8515-E93B23BC04D6} = {6CF4F801-33C8-4476-88F9-C4F70E40E904}
		{9CFB966B-5096-4BB0-A29A-2559241A66BC} = {823207C9-0E35-476B-B98D-A5EB1B727D61}
		{204D62A1-5276-489A-9600-B51BA87BE57F} = {823207C9-0E35-476B-B98D-A5EB1B727D61}
		{08781448-554A-4E73-B7E2-15B926230994} = {823207C9-0E35-476B-B98D-A5EB1B727D61}
		{7EA464EC-6EDA-45D9-BE48-47E8AFDAA853} = {500BDFBA-7A32-4A91-89CA-D71298C44757}
		{A647DC37-1361-41C1-AB16-C00F6543AC2F} = {500BDFBA-7A32-4A91-89CA-D71298C44757}
		{392DCE5D-D574-4BDA-A50D-65E8B4E1B4B3} = {500BDFBA-7A32-4A91-89CA-D71298C44757}
		{A0ED5AC8-2E8D-4F37-951C-66F9B128E79A} = {08DB0179-907B-4334-BC64-3150B345F3D5}
		{2EFC4146-CCA9-4B3F-8921-76EC2B5B4C68} = {08DB0179-907B-4334-BC64-3150B345F3D5}
		{DD3BB96D-6257-4EF6-A804-282DEA31A1DC} = {08DB0179-907B-4334-BC64-3150B345F3D5}
		{13240C68-1925-4DC2-B975-00691DC524F8} = {62399DFF-721A-420D-82EC-AFB2F6971914}
		{1560F0F3-8074-4225-8367-1F4E4D8F50B1} = {62399DFF-721A-420D-82EC-AFB2F6971914}
		{E2A1EA29-FA08-4DEE-B894-0B51376A546E} = {62399DFF-721A-420D-82EC-AFB2F6971914}
		{CEC69F7C-7A69-4EBD-9AF3-5A225B938A71} = {D14635FD-16FF-4100-A2EB-A1C34F8A212A}
		{1014C414-FFAC-4A09-B42C-AE5EE290E429} = {5A408B2C-02FA-4245-9D4E-DBF01978CB0C}
		{3DC40140-C9F4-442A-8470-0E5191642265} = {5A408B2C-02FA-4245-9D4E-DBF01978CB0C}
		{E9E97DA8-052B-46A5-A247-69280F2916EE} = {3DC40140-C9F4-442A-8470-0E5191642265}
		{AC7E72A7-C7F6-427F-8276-C2136163B6C0} = {3DC40140-C9F4-442A-8470-0E5191642265}
		{C19A054D-9337-4E79-819C-EF76DEC1980D} = {D14635FD-16FF-4100-A2EB-A1C34F8A212A}
		{CD7678D2-DA8F-4A52-AC68-2AC887ADC2CE} = {D14635FD-16FF-4100-A2EB-A1C34F8A212A}
		{A98AB30C-D91F-43E4-9159-E1BDAC49727E} = {D14635FD-16FF-4100-A2EB-A1C34F8A212A}
		{3DB42E5E-B5B2-4174-A6AF-1799DE89E484} = {D14635FD-16FF-4100-A2EB-A1C34F8A212A}
		{7BB75DDA-C32E-4DBE-B711-46ADDB2578AB} = {CD7678D2-DA8F-4A52-AC68-2AC887ADC2CE}
		{2D1EEBA0-85B7-4F28-AF90-FB14CB5F40F6} = {CD7678D2-DA8F-4A52-AC68-2AC887ADC2CE}
		{231F6D43-2247-467D-B3F8-80D7873261CF} = {CD7678D2-DA8F-4A52-AC68-2AC887ADC2CE}
		{A239066C-AB6C-433D-B0C8-53A06D671A09} = {3DB42E5E-B5B2-4174-A6AF-1799DE89E484}
		{F3FEA2F4-2BD8-444F-8FA8-3B361982D18B} = {3DB42E5E-B5B2-4174-A6AF-1799DE89E484}
		{52CAEA9D-0A2E-4976-A73A-27C4B415C898} = {3DB42E5E-B5B2-4174-A6AF-1799DE89E484}
		{6B20CCA5-0791-44AB-814F-A80A8A0A99AC} = {13295A1A-EA50-4E46-9C7E-41B74030BEA8}
		{DCF203CB-AA49-4452-AF66-125DCB1CF6AD} = {13295A1A-EA50-4E46-9C7E-41B74030BEA8}
		{4844093B-F585-4D61-A370-8356133C1177} = {DCF203CB-AA49-4452-AF66-125DCB1CF6AD}
		{B1060E2A-D8B9-452F-AA4D-421111977726} = {DCF203CB-AA49-4452-AF66-125DCB1CF6AD}
		{15971D37-26F3-48B6-8A51-8E5B04A9742C} = {DCF203CB-AA49-4452-AF66-125DCB1CF6AD}
		{A590490B-BEE4-46EE-ADC8-016D973F184A} = {08DB0179-907B-4334-BC64-3150B345F3D5}
		{ACE71C78-4DF5-4E0E-8DCD-A070D7E6C857} = {08DB0179-907B-4334-BC64-3150B345F3D5}
		{2FF27AA3-EB52-4BBC-8D45-E52247659BA6} = {ACE71C78-4DF5-4E0E-8DCD-A070D7E6C857}
		{C065F741-64BE-4406-A53D-D13D93EE5F8C} = {ACE71C78-4DF5-4E0E-8DCD-A070D7E6C857}
		{6EFB3C71-16BC-4EBB-AEEF-38FE6C28BAB9} = {6CF4F801-33C8-4476-88F9-C4F70E40E904}
		{86487371-8D20-4E02-82CE-701D6E05C59E} = {6CF4F801-33C8-4476-88F9-C4F70E40E904}
		{7CD65BC9-1D38-40A3-A4F8-57FA84592CF6} = {86487371-8D20-4E02-82CE-701D6E05C59E}
		{98332D8D-4F05-4D1A-A9DD-6CB47B695DA8} = {86487371-8D20-4E02-82CE-701D6E05C59E}
		{BB04701C-7F31-4670-8862-2688B784E45C} = {823207C9-0E35-476B-B98D-A5EB1B727D61}
		{4E51108D-D522-472D-BC9E-A27F55DDE910} = {823207C9-0E35-476B-B98D-A5EB1B727D61}
		{9AA01AF9-92B7-4055-B939-67546F607393} = {4E51108D-D522-472D-BC9E-A27F55DDE910}
		{7964AD82-0991-46E2-8D29-4BFD8ABFD050} = {4E51108D-D522-472D-BC9E-A27F55DDE910}
		{CCCA0E9C-1426-4E59-B673-C9FC5565D5A4} = {500BDFBA-7A32-4A91-89CA-D71298C44757}
		{61493CCE-0228-4120-9BBA-5078CE8C29C0} = {500BDFBA-7A32-4A91-89CA-D71298C44757}
		{3CD867A5-C0AA-4654-B4BD-E488BD05B60E} = {61493CCE-0228-4120-9BBA-5078CE8C29C0}
		{D560F146-8394-4F70-9A22-AAD139DEAEAC} = {61493CCE-0228-4120-9BBA-5078CE8C29C0}
		{FA54BBF3-280A-495D-BF4E-30F742309858} = {61493CCE-0228-4120-9BBA-5078CE8C29C0}
		{84CAD59F-0BC2-4573-9547-4F7D54040402} = {62399DFF-721A-420D-82EC-AFB2F6971914}
		{91439C4C-CC2D-4F10-9D51-595F4FF288D0} = {62399DFF-721A-420D-82EC-AFB2F6971914}
		{67250CFF-8116-480C-85DF-7A1F258FE988} = {91439C4C-CC2D-4F10-9D51-595F4FF288D0}
		{124187AA-CB8A-499F-86AE-049FCF95DD42} = {91439C4C-CC2D-4F10-9D51-595F4FF288D0}
		{09FC1E26-2B0F-409E-A00C-1B4CA71F9EA9} = {7C7E47A5-4F29-4AB8-A990-D79D42FBB088}
		{05FDF2FF-44D2-459B-ACFF-F5B411164BD1} = {7C7E47A5-4F29-4AB8-A990-D79D42FBB088}
		{8641ACF9-FFD1-4399-A79B-1815BF23A84C} = {09FC1E26-2B0F-409E-A00C-1B4CA71F9EA9}
		{45570736-AB41-4FDD-8753-BAE2B62D1829} = {09FC1E26-2B0F-409E-A00C-1B4CA71F9EA9}
		{E760AA10-7E33-40D8-BCA9-D7310B7BA191} = {45570736-AB41-4FDD-8753-BAE2B62D1829}
		{EEC239F7-47E8-4945-BE0D-990B66C0A377} = {45570736-AB41-4FDD-8753-BAE2B62D1829}
		{51C063CE-2319-4BC7-84A9-9A438621569B} = {05FDF2FF-44D2-459B-ACFF-F5B411164BD1}
		{47A833CA-10CB-4905-9B14-837B3F8EA4C3} = {05FDF2FF-44D2-459B-ACFF-F5B411164BD1}
		{1F5F4D8B-4CB3-4EEA-95CD-BF0924175F52} = {47A833CA-10CB-4905-9B14-837B3F8EA4C3}
		{9573A0CF-6EEA-4312-AA03-CB45179FCBB8} = {47A833CA-10CB-4905-9B14-837B3F8EA4C3}
		{EBD70F04-9E08-46DD-A968-3BFE8AF9BE34} = {47A833CA-10CB-4905-9B14-837B3F8EA4C3}
		{72CC7A74-AA3D-4C86-B9EB-ED92A4DAB1E3} = {09FC1E26-2B0F-409E-A00C-1B4CA71F9EA9}
		{B7C05669-74DB-4F71-A052-1786333AAC8E} = {09FC1E26-2B0F-409E-A00C-1B4CA71F9EA9}
		{CC14A821-4017-44BE-895F-55EAD0BC7C99} = {09FC1E26-2B0F-409E-A00C-1B4CA71F9EA9}
		{BAE01073-3F46-44F0-AA20-86D091953329} = {05FDF2FF-44D2-459B-ACFF-F5B411164BD1}
		{72A2649A-B114-4CA3-BB8A-D8A9B4BD7035} = {05FDF2FF-44D2-459B-ACFF-F5B411164BD1}
		{E42DF4FE-9615-4B9A-9AA5-4ECEE1EB2B5E} = {05FDF2FF-44D2-459B-ACFF-F5B411164BD1}
		{660BF530-21D2-4766-8FC8-92E1587C8E5B} = {114F88B7-61B5-4268-B3AE-9C23D67E8438}
		{0E1C5336-9533-46EB-BAFA-6CF54E0E9B31} = {114F88B7-61B5-4268-B3AE-9C23D67E8438}
		{22ECAFFA-DD36-4D90-A0BA-91111AD21312} = {0E1C5336-9533-46EB-BAFA-6CF54E0E9B31}
		{152D9690-408E-4418-A7EA-A2C1A1DA147D} = {0E1C5336-9533-46EB-BAFA-6CF54E0E9B31}
		{114F88B7-61B5-4268-B3AE-9C23D67E8438} = {0DE86180-81EF-4DEA-9E89-E3E674BF48BF}
		{CD0EA7DC-3F40-44E4-BEF6-2642B8033018} = {0DE86180-81EF-4DEA-9E89-E3E674BF48BF}
		{49D934F3-2120-4268-8143-C3C85EF85BA7} = {0DE86180-81EF-4DEA-9E89-E3E674BF48BF}
	EndGlobalSection
	GlobalSection(ExtensibilityGlobals) = postSolution
		SolutionGuid = {72CA29A5-408A-462A-B5B5-A8F96FC1F58A}
	EndGlobalSection
EndGlobal
